// !$*UTF8*$!
{
	archiveVersion = 1;
	classes = {
	};
	objectVersion = 55;
	objects = {

/* Begin PBXBuildFile section */
		0D37950E279DA40100E63290 /* StuffMacApp.swift in Sources */ = {isa = PBXBuildFile; fileRef = 0D37950D279DA40100E63290 /* StuffMacApp.swift */; };
		0D379510279DA40100E63290 /* ContentView.swift in Sources */ = {isa = PBXBuildFile; fileRef = 0D37950F279DA40100E63290 /* ContentView.swift */; };
		0D379512279DA40300E63290 /* Assets.xcassets in Resources */ = {isa = PBXBuildFile; fileRef = 0D379511279DA40300E63290 /* Assets.xcassets */; };
		0D379515279DA40300E63290 /* Preview Assets.xcassets in Resources */ = {isa = PBXBuildFile; fileRef = 0D379514279DA40300E63290 /* Preview Assets.xcassets */; };
		0D379520279DA42E00E63290 /* CloudKit.framework in Frameworks */ = {isa = PBXBuildFile; fileRef = 0D37951F279DA42E00E63290 /* CloudKit.framework */; };
		0D379522279DA45800E63290 /* DataModel in Frameworks */ = {isa = PBXBuildFile; productRef = 0D379521279DA45800E63290 /* DataModel */; };
		0D379524279DA45800E63290 /* Logger in Frameworks */ = {isa = PBXBuildFile; productRef = 0D379523279DA45800E63290 /* Logger */; };
		0D379526279DA45800E63290 /* Views in Frameworks */ = {isa = PBXBuildFile; productRef = 0D379525279DA45800E63290 /* Views */; };
		0DB6D1AA2760E3E40068F985 /* DataModel in Frameworks */ = {isa = PBXBuildFile; productRef = 0DB6D1A92760E3E40068F985 /* DataModel */; };
		0DB6D1AC2760FB460068F985 /* CloudKit.framework in Frameworks */ = {isa = PBXBuildFile; fileRef = 0DB6D1AB2760FB460068F985 /* CloudKit.framework */; };
		0DCBDBB627B2A8CF00A5BEB2 /* MacContentView.swift in Sources */ = {isa = PBXBuildFile; fileRef = 0DCBDBB527B2A8CF00A5BEB2 /* MacContentView.swift */; };
		0DCC175C2760D7CC00E0322F /* README.md in Resources */ = {isa = PBXBuildFile; fileRef = 0DCC175A2760D7CC00E0322F /* README.md */; };
		0DCC175D2760D7CC00E0322F /* LICENSE in Resources */ = {isa = PBXBuildFile; fileRef = 0DCC175B2760D7CC00E0322F /* LICENSE */; };
		0DCC17602760E34500E0322F /* ImageRecognizer in Frameworks */ = {isa = PBXBuildFile; productRef = 0DCC175F2760E34500E0322F /* ImageRecognizer */; };
		0DFD4D19275F944000088631 /* StuffApp.swift in Sources */ = {isa = PBXBuildFile; fileRef = 0DFD4D18275F944000088631 /* StuffApp.swift */; };
		0DFD4D1B275F944000088631 /* ContentView.swift in Sources */ = {isa = PBXBuildFile; fileRef = 0DFD4D1A275F944000088631 /* ContentView.swift */; };
		0DFD4D1D275F944200088631 /* Assets.xcassets in Resources */ = {isa = PBXBuildFile; fileRef = 0DFD4D1C275F944200088631 /* Assets.xcassets */; };
		0DFD4D20275F944200088631 /* Preview Assets.xcassets in Resources */ = {isa = PBXBuildFile; fileRef = 0DFD4D1F275F944200088631 /* Preview Assets.xcassets */; };
		0DFD4D36275FAEA600088631 /* Views in Frameworks */ = {isa = PBXBuildFile; productRef = 0DFD4D35275FAEA600088631 /* Views */; };
/* End PBXBuildFile section */

/* Begin PBXFileReference section */
		0D37950B279DA40100E63290 /* StuffMac.app */ = {isa = PBXFileReference; explicitFileType = wrapper.application; includeInIndex = 0; path = StuffMac.app; sourceTree = BUILT_PRODUCTS_DIR; };
		0D37950D279DA40100E63290 /* StuffMacApp.swift */ = {isa = PBXFileReference; lastKnownFileType = sourcecode.swift; path = StuffMacApp.swift; sourceTree = "<group>"; };
		0D37950F279DA40100E63290 /* ContentView.swift */ = {isa = PBXFileReference; lastKnownFileType = sourcecode.swift; path = ContentView.swift; sourceTree = "<group>"; };
		0D379511279DA40300E63290 /* Assets.xcassets */ = {isa = PBXFileReference; lastKnownFileType = folder.assetcatalog; path = Assets.xcassets; sourceTree = "<group>"; };
		0D379514279DA40300E63290 /* Preview Assets.xcassets */ = {isa = PBXFileReference; lastKnownFileType = folder.assetcatalog; path = "Preview Assets.xcassets"; sourceTree = "<group>"; };
		0D37951B279DA40300E63290 /* StuffMac.entitlements */ = {isa = PBXFileReference; lastKnownFileType = text.plist.entitlements; path = StuffMac.entitlements; sourceTree = "<group>"; };
		0D37951F279DA42E00E63290 /* CloudKit.framework */ = {isa = PBXFileReference; lastKnownFileType = wrapper.framework; name = CloudKit.framework; path = Platforms/MacOSX.platform/Developer/SDKs/MacOSX12.1.sdk/System/Library/Frameworks/CloudKit.framework; sourceTree = DEVELOPER_DIR; };
		0D4C94662798449200E59D09 /* Info.plist */ = {isa = PBXFileReference; lastKnownFileType = text.plist; path = Info.plist; sourceTree = "<group>"; };
		0D8EAE1C276A21DE00B39E9D /* Logger */ = {isa = PBXFileReference; lastKnownFileType = wrapper; name = Logger; path = ../Logger; sourceTree = "<group>"; };
		0DB6D1AB2760FB460068F985 /* CloudKit.framework */ = {isa = PBXFileReference; lastKnownFileType = wrapper.framework; name = CloudKit.framework; path = System/Library/Frameworks/CloudKit.framework; sourceTree = SDKROOT; };
		0DCBDBB527B2A8CF00A5BEB2 /* MacContentView.swift */ = {isa = PBXFileReference; lastKnownFileType = sourcecode.swift; path = MacContentView.swift; sourceTree = "<group>"; };
		0DCC17592760CCFD00E0322F /* ImageRecognizer */ = {isa = PBXFileReference; lastKnownFileType = folder; name = ImageRecognizer; path = ../ImageRecognizer; sourceTree = "<group>"; };
		0DCC175A2760D7CC00E0322F /* README.md */ = {isa = PBXFileReference; fileEncoding = 4; lastKnownFileType = net.daringfireball.markdown; name = README.md; path = ../README.md; sourceTree = "<group>"; };
		0DCC175B2760D7CC00E0322F /* LICENSE */ = {isa = PBXFileReference; fileEncoding = 4; lastKnownFileType = text; name = LICENSE; path = ../LICENSE; sourceTree = "<group>"; };
		0DCC175E2760E31900E0322F /* DataModel */ = {isa = PBXFileReference; lastKnownFileType = folder; name = DataModel; path = ../DataModel; sourceTree = "<group>"; };
		0DFD4D15275F944000088631 /* Stuff.app */ = {isa = PBXFileReference; explicitFileType = wrapper.application; includeInIndex = 0; path = Stuff.app; sourceTree = BUILT_PRODUCTS_DIR; };
		0DFD4D18275F944000088631 /* StuffApp.swift */ = {isa = PBXFileReference; lastKnownFileType = sourcecode.swift; path = StuffApp.swift; sourceTree = "<group>"; };
		0DFD4D1A275F944000088631 /* ContentView.swift */ = {isa = PBXFileReference; lastKnownFileType = sourcecode.swift; path = ContentView.swift; sourceTree = "<group>"; };
		0DFD4D1C275F944200088631 /* Assets.xcassets */ = {isa = PBXFileReference; lastKnownFileType = folder.assetcatalog; path = Assets.xcassets; sourceTree = "<group>"; };
		0DFD4D1F275F944200088631 /* Preview Assets.xcassets */ = {isa = PBXFileReference; lastKnownFileType = folder.assetcatalog; path = "Preview Assets.xcassets"; sourceTree = "<group>"; };
		0DFD4D2B275F945C00088631 /* Stuff.entitlements */ = {isa = PBXFileReference; lastKnownFileType = text.plist.entitlements; path = Stuff.entitlements; sourceTree = "<group>"; };
		0DFD4D2C275FACA900088631 /* Views */ = {isa = PBXFileReference; lastKnownFileType = folder; name = Views; path = ../Views; sourceTree = "<group>"; };
/* End PBXFileReference section */

/* Begin PBXFrameworksBuildPhase section */
		0D379508279DA40100E63290 /* Frameworks */ = {
			isa = PBXFrameworksBuildPhase;
			buildActionMask = 2147483647;
			files = (
				0D379524279DA45800E63290 /* Logger in Frameworks */,
				0D379522279DA45800E63290 /* DataModel in Frameworks */,
				0D379520279DA42E00E63290 /* CloudKit.framework in Frameworks */,
				0D379526279DA45800E63290 /* Views in Frameworks */,
			);
			runOnlyForDeploymentPostprocessing = 0;
		};
		0DFD4D12275F944000088631 /* Frameworks */ = {
			isa = PBXFrameworksBuildPhase;
			buildActionMask = 2147483647;
			files = (
				0DCC17602760E34500E0322F /* ImageRecognizer in Frameworks */,
				0DB6D1AC2760FB460068F985 /* CloudKit.framework in Frameworks */,
				0DFD4D36275FAEA600088631 /* Views in Frameworks */,
				0DB6D1AA2760E3E40068F985 /* DataModel in Frameworks */,
			);
			runOnlyForDeploymentPostprocessing = 0;
		};
/* End PBXFrameworksBuildPhase section */

/* Begin PBXGroup section */
		0D37950C279DA40100E63290 /* StuffMac */ = {
			isa = PBXGroup;
			children = (
				0D37950D279DA40100E63290 /* StuffMacApp.swift */,
				0D37950F279DA40100E63290 /* ContentView.swift */,
				0D379511279DA40300E63290 /* Assets.xcassets */,
				0D37951B279DA40300E63290 /* StuffMac.entitlements */,
				0D379513279DA40300E63290 /* Preview Content */,
			);
			path = StuffMac;
			sourceTree = "<group>";
		};
		0D379513279DA40300E63290 /* Preview Content */ = {
			isa = PBXGroup;
			children = (
				0D379514279DA40300E63290 /* Preview Assets.xcassets */,
			);
			path = "Preview Content";
			sourceTree = "<group>";
		};
		0DFD4D0C275F943F00088631 = {
			isa = PBXGroup;
			children = (
				0DCC175B2760D7CC00E0322F /* LICENSE */,
				0DCC175A2760D7CC00E0322F /* README.md */,
				0DFD4D33275FAD9500088631 /* Packages */,
				0DFD4D17275F944000088631 /* Stuff */,
				0D37950C279DA40100E63290 /* StuffMac */,
				0DFD4D16275F944000088631 /* Products */,
				0DFD4D2D275FACC000088631 /* Frameworks */,
			);
			sourceTree = "<group>";
		};
		0DFD4D16275F944000088631 /* Products */ = {
			isa = PBXGroup;
			children = (
				0DFD4D15275F944000088631 /* Stuff.app */,
				0D37950B279DA40100E63290 /* StuffMac.app */,
			);
			name = Products;
			sourceTree = "<group>";
		};
		0DFD4D17275F944000088631 /* Stuff */ = {
			isa = PBXGroup;
			children = (
				0D4C94662798449200E59D09 /* Info.plist */,
				0DFD4D2B275F945C00088631 /* Stuff.entitlements */,
				0DFD4D18275F944000088631 /* StuffApp.swift */,
				0DFD4D1A275F944000088631 /* ContentView.swift */,
				0DCBDBB527B2A8CF00A5BEB2 /* MacContentView.swift */,
				0DFD4D1C275F944200088631 /* Assets.xcassets */,
				0DFD4D1E275F944200088631 /* Preview Content */,
			);
			path = Stuff;
			sourceTree = "<group>";
		};
		0DFD4D1E275F944200088631 /* Preview Content */ = {
			isa = PBXGroup;
			children = (
				0DFD4D1F275F944200088631 /* Preview Assets.xcassets */,
			);
			path = "Preview Content";
			sourceTree = "<group>";
		};
		0DFD4D2D275FACC000088631 /* Frameworks */ = {
			isa = PBXGroup;
			children = (
				0D37951F279DA42E00E63290 /* CloudKit.framework */,
				0DB6D1AB2760FB460068F985 /* CloudKit.framework */,
			);
			name = Frameworks;
			sourceTree = "<group>";
		};
		0DFD4D33275FAD9500088631 /* Packages */ = {
			isa = PBXGroup;
			children = (
				0DFD4D2C275FACA900088631 /* Views */,
				0DCC17592760CCFD00E0322F /* ImageRecognizer */,
				0DCC175E2760E31900E0322F /* DataModel */,
				0D8EAE1C276A21DE00B39E9D /* Logger */,
			);
			name = Packages;
			sourceTree = "<group>";
		};
/* End PBXGroup section */

/* Begin PBXNativeTarget section */
		0D37950A279DA40100E63290 /* StuffMac */ = {
			isa = PBXNativeTarget;
			buildConfigurationList = 0D37951E279DA40300E63290 /* Build configuration list for PBXNativeTarget "StuffMac" */;
			buildPhases = (
				0D379507279DA40100E63290 /* Sources */,
				0D379508279DA40100E63290 /* Frameworks */,
				0D379509279DA40100E63290 /* Resources */,
			);
			buildRules = (
			);
			dependencies = (
			);
			name = StuffMac;
			packageProductDependencies = (
				0D379521279DA45800E63290 /* DataModel */,
				0D379523279DA45800E63290 /* Logger */,
				0D379525279DA45800E63290 /* Views */,
			);
			productName = StuffMac;
			productReference = 0D37950B279DA40100E63290 /* StuffMac.app */;
			productType = "com.apple.product-type.application";
		};
		0DFD4D14275F944000088631 /* Stuff */ = {
			isa = PBXNativeTarget;
			buildConfigurationList = 0DFD4D28275F944200088631 /* Build configuration list for PBXNativeTarget "Stuff" */;
			buildPhases = (
				0DFD4D11275F944000088631 /* Sources */,
				0DFD4D12275F944000088631 /* Frameworks */,
				0DFD4D13275F944000088631 /* Resources */,
			);
			buildRules = (
			);
			dependencies = (
			);
			name = Stuff;
			packageProductDependencies = (
				0DFD4D35275FAEA600088631 /* Views */,
				0DCC175F2760E34500E0322F /* ImageRecognizer */,
				0DB6D1A92760E3E40068F985 /* DataModel */,
			);
			productName = Stuff;
			productReference = 0DFD4D15275F944000088631 /* Stuff.app */;
			productType = "com.apple.product-type.application";
		};
/* End PBXNativeTarget section */

/* Begin PBXProject section */
		0DFD4D0D275F943F00088631 /* Project object */ = {
			isa = PBXProject;
			attributes = {
				BuildIndependentTargetsInParallel = 1;
				LastSwiftUpdateCheck = 1320;
				LastUpgradeCheck = 1310;
				TargetAttributes = {
					0D37950A279DA40100E63290 = {
						CreatedOnToolsVersion = 13.2.1;
					};
					0DFD4D14275F944000088631 = {
						CreatedOnToolsVersion = 13.1;
					};
				};
			};
			buildConfigurationList = 0DFD4D10275F943F00088631 /* Build configuration list for PBXProject "Stuff" */;
			compatibilityVersion = "Xcode 13.0";
			developmentRegion = en;
			hasScannedForEncodings = 0;
			knownRegions = (
				en,
				Base,
			);
			mainGroup = 0DFD4D0C275F943F00088631;
			productRefGroup = 0DFD4D16275F944000088631 /* Products */;
			projectDirPath = "";
			projectRoot = "";
			targets = (
				0DFD4D14275F944000088631 /* Stuff */,
				0D37950A279DA40100E63290 /* StuffMac */,
			);
		};
/* End PBXProject section */

/* Begin PBXResourcesBuildPhase section */
		0D379509279DA40100E63290 /* Resources */ = {
			isa = PBXResourcesBuildPhase;
			buildActionMask = 2147483647;
			files = (
				0D379515279DA40300E63290 /* Preview Assets.xcassets in Resources */,
				0D379512279DA40300E63290 /* Assets.xcassets in Resources */,
			);
			runOnlyForDeploymentPostprocessing = 0;
		};
		0DFD4D13275F944000088631 /* Resources */ = {
			isa = PBXResourcesBuildPhase;
			buildActionMask = 2147483647;
			files = (
				0DCC175C2760D7CC00E0322F /* README.md in Resources */,
				0DFD4D20275F944200088631 /* Preview Assets.xcassets in Resources */,
				0DCC175D2760D7CC00E0322F /* LICENSE in Resources */,
				0DFD4D1D275F944200088631 /* Assets.xcassets in Resources */,
			);
			runOnlyForDeploymentPostprocessing = 0;
		};
/* End PBXResourcesBuildPhase section */

/* Begin PBXSourcesBuildPhase section */
		0D379507279DA40100E63290 /* Sources */ = {
			isa = PBXSourcesBuildPhase;
			buildActionMask = 2147483647;
			files = (
				0D379510279DA40100E63290 /* ContentView.swift in Sources */,
				0D37950E279DA40100E63290 /* StuffMacApp.swift in Sources */,
			);
			runOnlyForDeploymentPostprocessing = 0;
		};
		0DFD4D11275F944000088631 /* Sources */ = {
			isa = PBXSourcesBuildPhase;
			buildActionMask = 2147483647;
			files = (
				0DFD4D1B275F944000088631 /* ContentView.swift in Sources */,
				0DFD4D19275F944000088631 /* StuffApp.swift in Sources */,
				0DCBDBB627B2A8CF00A5BEB2 /* MacContentView.swift in Sources */,
			);
			runOnlyForDeploymentPostprocessing = 0;
		};
/* End PBXSourcesBuildPhase section */

/* Begin XCBuildConfiguration section */
		0D37951C279DA40300E63290 /* Debug */ = {
			isa = XCBuildConfiguration;
			buildSettings = {
				ASSETCATALOG_COMPILER_APPICON_NAME = AppIcon;
				ASSETCATALOG_COMPILER_GLOBAL_ACCENT_COLOR_NAME = AccentColor;
				CODE_SIGN_ENTITLEMENTS = StuffMac/StuffMac.entitlements;
				CODE_SIGN_STYLE = Automatic;
				COMBINE_HIDPI_IMAGES = YES;
				CURRENT_PROJECT_VERSION = 1;
				DEVELOPMENT_ASSET_PATHS = "\"StuffMac/Preview Content\"";
				DEVELOPMENT_TEAM = 4E63BYV878;
				ENABLE_HARDENED_RUNTIME = YES;
				ENABLE_PREVIEWS = YES;
				GENERATE_INFOPLIST_FILE = YES;
				INFOPLIST_KEY_NSHumanReadableCopyright = "";
				LD_RUNPATH_SEARCH_PATHS = (
					"$(inherited)",
					"@executable_path/../Frameworks",
				);
				MACOSX_DEPLOYMENT_TARGET = 12.1;
				MARKETING_VERSION = 1.0;
				PRODUCT_BUNDLE_IDENTIFIER = com.tazetdinov.sample.StuffMac;
				PRODUCT_NAME = "$(TARGET_NAME)";
				SDKROOT = macosx;
				SWIFT_EMIT_LOC_STRINGS = YES;
				SWIFT_VERSION = 5.0;
			};
			name = Debug;
		};
		0D37951D279DA40300E63290 /* Release */ = {
			isa = XCBuildConfiguration;
			buildSettings = {
				ASSETCATALOG_COMPILER_APPICON_NAME = AppIcon;
				ASSETCATALOG_COMPILER_GLOBAL_ACCENT_COLOR_NAME = AccentColor;
				CODE_SIGN_ENTITLEMENTS = StuffMac/StuffMac.entitlements;
				CODE_SIGN_STYLE = Automatic;
				COMBINE_HIDPI_IMAGES = YES;
				CURRENT_PROJECT_VERSION = 1;
				DEVELOPMENT_ASSET_PATHS = "\"StuffMac/Preview Content\"";
				DEVELOPMENT_TEAM = 4E63BYV878;
				ENABLE_HARDENED_RUNTIME = YES;
				ENABLE_PREVIEWS = YES;
				GENERATE_INFOPLIST_FILE = YES;
				INFOPLIST_KEY_NSHumanReadableCopyright = "";
				LD_RUNPATH_SEARCH_PATHS = (
					"$(inherited)",
					"@executable_path/../Frameworks",
				);
				MACOSX_DEPLOYMENT_TARGET = 12.1;
				MARKETING_VERSION = 1.0;
				PRODUCT_BUNDLE_IDENTIFIER = com.tazetdinov.sample.StuffMac;
				PRODUCT_NAME = "$(TARGET_NAME)";
				SDKROOT = macosx;
				SWIFT_EMIT_LOC_STRINGS = YES;
				SWIFT_VERSION = 5.0;
			};
			name = Release;
		};
		0DFD4D26275F944200088631 /* Debug */ = {
			isa = XCBuildConfiguration;
			buildSettings = {
				ALWAYS_SEARCH_USER_PATHS = NO;
				CLANG_ANALYZER_NONNULL = YES;
				CLANG_ANALYZER_NUMBER_OBJECT_CONVERSION = YES_AGGRESSIVE;
				CLANG_CXX_LANGUAGE_STANDARD = "gnu++17";
				CLANG_CXX_LIBRARY = "libc++";
				CLANG_ENABLE_MODULES = YES;
				CLANG_ENABLE_OBJC_ARC = YES;
				CLANG_ENABLE_OBJC_WEAK = YES;
				CLANG_WARN_BLOCK_CAPTURE_AUTORELEASING = YES;
				CLANG_WARN_BOOL_CONVERSION = YES;
				CLANG_WARN_COMMA = YES;
				CLANG_WARN_CONSTANT_CONVERSION = YES;
				CLANG_WARN_DEPRECATED_OBJC_IMPLEMENTATIONS = YES;
				CLANG_WARN_DIRECT_OBJC_ISA_USAGE = YES_ERROR;
				CLANG_WARN_DOCUMENTATION_COMMENTS = YES;
				CLANG_WARN_EMPTY_BODY = YES;
				CLANG_WARN_ENUM_CONVERSION = YES;
				CLANG_WARN_INFINITE_RECURSION = YES;
				CLANG_WARN_INT_CONVERSION = YES;
				CLANG_WARN_NON_LITERAL_NULL_CONVERSION = YES;
				CLANG_WARN_OBJC_IMPLICIT_RETAIN_SELF = YES;
				CLANG_WARN_OBJC_LITERAL_CONVERSION = YES;
				CLANG_WARN_OBJC_ROOT_CLASS = YES_ERROR;
				CLANG_WARN_QUOTED_INCLUDE_IN_FRAMEWORK_HEADER = YES;
				CLANG_WARN_RANGE_LOOP_ANALYSIS = YES;
				CLANG_WARN_STRICT_PROTOTYPES = YES;
				CLANG_WARN_SUSPICIOUS_MOVE = YES;
				CLANG_WARN_UNGUARDED_AVAILABILITY = YES_AGGRESSIVE;
				CLANG_WARN_UNREACHABLE_CODE = YES;
				CLANG_WARN__DUPLICATE_METHOD_MATCH = YES;
				COPY_PHASE_STRIP = NO;
				DEBUG_INFORMATION_FORMAT = dwarf;
				ENABLE_STRICT_OBJC_MSGSEND = YES;
				ENABLE_TESTABILITY = YES;
				GCC_C_LANGUAGE_STANDARD = gnu11;
				GCC_DYNAMIC_NO_PIC = NO;
				GCC_NO_COMMON_BLOCKS = YES;
				GCC_OPTIMIZATION_LEVEL = 0;
				GCC_PREPROCESSOR_DEFINITIONS = (
					"DEBUG=1",
					"$(inherited)",
				);
				GCC_WARN_64_TO_32_BIT_CONVERSION = YES;
				GCC_WARN_ABOUT_RETURN_TYPE = YES_ERROR;
				GCC_WARN_UNDECLARED_SELECTOR = YES;
				GCC_WARN_UNINITIALIZED_AUTOS = YES_AGGRESSIVE;
				GCC_WARN_UNUSED_FUNCTION = YES;
				GCC_WARN_UNUSED_VARIABLE = YES;
				IPHONEOS_DEPLOYMENT_TARGET = 15.0;
				MTL_ENABLE_DEBUG_INFO = INCLUDE_SOURCE;
				MTL_FAST_MATH = YES;
				ONLY_ACTIVE_ARCH = YES;
				SDKROOT = iphoneos;
				SWIFT_ACTIVE_COMPILATION_CONDITIONS = DEBUG;
				SWIFT_OPTIMIZATION_LEVEL = "-Onone";
			};
			name = Debug;
		};
		0DFD4D27275F944200088631 /* Release */ = {
			isa = XCBuildConfiguration;
			buildSettings = {
				ALWAYS_SEARCH_USER_PATHS = NO;
				CLANG_ANALYZER_NONNULL = YES;
				CLANG_ANALYZER_NUMBER_OBJECT_CONVERSION = YES_AGGRESSIVE;
				CLANG_CXX_LANGUAGE_STANDARD = "gnu++17";
				CLANG_CXX_LIBRARY = "libc++";
				CLANG_ENABLE_MODULES = YES;
				CLANG_ENABLE_OBJC_ARC = YES;
				CLANG_ENABLE_OBJC_WEAK = YES;
				CLANG_WARN_BLOCK_CAPTURE_AUTORELEASING = YES;
				CLANG_WARN_BOOL_CONVERSION = YES;
				CLANG_WARN_COMMA = YES;
				CLANG_WARN_CONSTANT_CONVERSION = YES;
				CLANG_WARN_DEPRECATED_OBJC_IMPLEMENTATIONS = YES;
				CLANG_WARN_DIRECT_OBJC_ISA_USAGE = YES_ERROR;
				CLANG_WARN_DOCUMENTATION_COMMENTS = YES;
				CLANG_WARN_EMPTY_BODY = YES;
				CLANG_WARN_ENUM_CONVERSION = YES;
				CLANG_WARN_INFINITE_RECURSION = YES;
				CLANG_WARN_INT_CONVERSION = YES;
				CLANG_WARN_NON_LITERAL_NULL_CONVERSION = YES;
				CLANG_WARN_OBJC_IMPLICIT_RETAIN_SELF = YES;
				CLANG_WARN_OBJC_LITERAL_CONVERSION = YES;
				CLANG_WARN_OBJC_ROOT_CLASS = YES_ERROR;
				CLANG_WARN_QUOTED_INCLUDE_IN_FRAMEWORK_HEADER = YES;
				CLANG_WARN_RANGE_LOOP_ANALYSIS = YES;
				CLANG_WARN_STRICT_PROTOTYPES = YES;
				CLANG_WARN_SUSPICIOUS_MOVE = YES;
				CLANG_WARN_UNGUARDED_AVAILABILITY = YES_AGGRESSIVE;
				CLANG_WARN_UNREACHABLE_CODE = YES;
				CLANG_WARN__DUPLICATE_METHOD_MATCH = YES;
				COPY_PHASE_STRIP = NO;
				DEBUG_INFORMATION_FORMAT = "dwarf-with-dsym";
				ENABLE_NS_ASSERTIONS = NO;
				ENABLE_STRICT_OBJC_MSGSEND = YES;
				GCC_C_LANGUAGE_STANDARD = gnu11;
				GCC_NO_COMMON_BLOCKS = YES;
				GCC_WARN_64_TO_32_BIT_CONVERSION = YES;
				GCC_WARN_ABOUT_RETURN_TYPE = YES_ERROR;
				GCC_WARN_UNDECLARED_SELECTOR = YES;
				GCC_WARN_UNINITIALIZED_AUTOS = YES_AGGRESSIVE;
				GCC_WARN_UNUSED_FUNCTION = YES;
				GCC_WARN_UNUSED_VARIABLE = YES;
				IPHONEOS_DEPLOYMENT_TARGET = 15.0;
				MTL_ENABLE_DEBUG_INFO = NO;
				MTL_FAST_MATH = YES;
				SDKROOT = iphoneos;
				SWIFT_COMPILATION_MODE = wholemodule;
				SWIFT_OPTIMIZATION_LEVEL = "-O";
				VALIDATE_PRODUCT = YES;
			};
			name = Release;
		};
		0DFD4D29275F944200088631 /* Debug */ = {
			isa = XCBuildConfiguration;
			buildSettings = {
				ASSETCATALOG_COMPILER_APPICON_NAME = AppIcon;
				ASSETCATALOG_COMPILER_GLOBAL_ACCENT_COLOR_NAME = AccentColor;
				CODE_SIGN_ENTITLEMENTS = Stuff/Stuff.entitlements;
				CODE_SIGN_STYLE = Automatic;
				CURRENT_PROJECT_VERSION = 3;
				DEVELOPMENT_ASSET_PATHS = "\"Stuff/Preview Content\"";
				DEVELOPMENT_TEAM = 4E63BYV878;
				ENABLE_PREVIEWS = YES;
				GENERATE_INFOPLIST_FILE = YES;
				INFOPLIST_FILE = Stuff/Info.plist;
				INFOPLIST_KEY_LSApplicationCategoryType = "public.app-category.reference";
				INFOPLIST_KEY_NSCameraUsageDescription = "Take pictures of your things";
				INFOPLIST_KEY_UIApplicationSupportsIndirectInputEvents = YES;
				INFOPLIST_KEY_UILaunchScreen_Generation = YES;
				INFOPLIST_KEY_UISupportedInterfaceOrientations_iPad = "UIInterfaceOrientationPortrait UIInterfaceOrientationPortraitUpsideDown UIInterfaceOrientationLandscapeLeft UIInterfaceOrientationLandscapeRight";
				INFOPLIST_KEY_UISupportedInterfaceOrientations_iPhone = "UIInterfaceOrientationPortrait UIInterfaceOrientationLandscapeLeft UIInterfaceOrientationLandscapeRight";
				LD_RUNPATH_SEARCH_PATHS = (
					"$(inherited)",
					"@executable_path/Frameworks",
				);
				MARKETING_VERSION = 1.0;
				OTHER_SWIFT_FLAGS = "-Xfrontend -warn-concurrency -Xfrontend -enable-actor-data-race-checks";
				PRODUCT_BUNDLE_IDENTIFIER = com.tazetdinov.opensource.Stuff;
				PRODUCT_NAME = "$(TARGET_NAME)";
				SUPPORTS_MACCATALYST = YES;
				SUPPORTS_MAC_DESIGNED_FOR_IPHONE_IPAD = NO;
				SWIFT_EMIT_LOC_STRINGS = YES;
				SWIFT_VERSION = 5.0;
				TARGETED_DEVICE_FAMILY = "1,2,6";
			};
			name = Debug;
		};
		0DFD4D2A275F944200088631 /* Release */ = {
			isa = XCBuildConfiguration;
			buildSettings = {
				ASSETCATALOG_COMPILER_APPICON_NAME = AppIcon;
				ASSETCATALOG_COMPILER_GLOBAL_ACCENT_COLOR_NAME = AccentColor;
				CODE_SIGN_ENTITLEMENTS = Stuff/Stuff.entitlements;
				CODE_SIGN_STYLE = Automatic;
				CURRENT_PROJECT_VERSION = 3;
				DEVELOPMENT_ASSET_PATHS = "\"Stuff/Preview Content\"";
				DEVELOPMENT_TEAM = 4E63BYV878;
				ENABLE_PREVIEWS = YES;
				GENERATE_INFOPLIST_FILE = YES;
				INFOPLIST_FILE = Stuff/Info.plist;
				INFOPLIST_KEY_LSApplicationCategoryType = "public.app-category.reference";
				INFOPLIST_KEY_NSCameraUsageDescription = "Take pictures of your things";
				INFOPLIST_KEY_UIApplicationSupportsIndirectInputEvents = YES;
				INFOPLIST_KEY_UILaunchScreen_Generation = YES;
				INFOPLIST_KEY_UISupportedInterfaceOrientations_iPad = "UIInterfaceOrientationPortrait UIInterfaceOrientationPortraitUpsideDown UIInterfaceOrientationLandscapeLeft UIInterfaceOrientationLandscapeRight";
				INFOPLIST_KEY_UISupportedInterfaceOrientations_iPhone = "UIInterfaceOrientationPortrait UIInterfaceOrientationLandscapeLeft UIInterfaceOrientationLandscapeRight";
				LD_RUNPATH_SEARCH_PATHS = (
					"$(inherited)",
					"@executable_path/Frameworks",
				);
				MARKETING_VERSION = 1.0;
				OTHER_SWIFT_FLAGS = "-Xfrontend -warn-concurrency -Xfrontend -enable-actor-data-race-checks";
				PRODUCT_BUNDLE_IDENTIFIER = com.tazetdinov.opensource.Stuff;
				PRODUCT_NAME = "$(TARGET_NAME)";
				SUPPORTS_MACCATALYST = YES;
				SUPPORTS_MAC_DESIGNED_FOR_IPHONE_IPAD = NO;
				SWIFT_EMIT_LOC_STRINGS = YES;
				SWIFT_VERSION = 5.0;
				TARGETED_DEVICE_FAMILY = "1,2,6";
			};
			name = Release;
		};
/* End XCBuildConfiguration section */

/* Begin XCConfigurationList section */
		0D37951E279DA40300E63290 /* Build configuration list for PBXNativeTarget "StuffMac" */ = {
			isa = XCConfigurationList;
			buildConfigurations = (
				0D37951C279DA40300E63290 /* Debug */,
				0D37951D279DA40300E63290 /* Release */,
			);
			defaultConfigurationIsVisible = 0;
			defaultConfigurationName = Release;
		};
		0DFD4D10275F943F00088631 /* Build configuration list for PBXProject "Stuff" */ = {
			isa = XCConfigurationList;
			buildConfigurations = (
				0DFD4D26275F944200088631 /* Debug */,
				0DFD4D27275F944200088631 /* Release */,
			);
			defaultConfigurationIsVisible = 0;
			defaultConfigurationName = Release;
		};
		0DFD4D28275F944200088631 /* Build configuration list for PBXNativeTarget "Stuff" */ = {
			isa = XCConfigurationList;
			buildConfigurations = (
				0DFD4D29275F944200088631 /* Debug */,
				0DFD4D2A275F944200088631 /* Release */,
			);
			defaultConfigurationIsVisible = 0;
			defaultConfigurationName = Release;
		};
/* End XCConfigurationList section */

/* Begin XCSwiftPackageProductDependency section */
		0D379521279DA45800E63290 /* DataModel */ = {
			isa = XCSwiftPackageProductDependency;
			productName = DataModel;
		};
		0D379523279DA45800E63290 /* Logger */ = {
			isa = XCSwiftPackageProductDependency;
			productName = Logger;
		};
		0D379525279DA45800E63290 /* Views */ = {
			isa = XCSwiftPackageProductDependency;
			productName = Views;
		};
		0DB6D1A92760E3E40068F985 /* DataModel */ = {
			isa = XCSwiftPackageProductDependency;
			productName = DataModel;
		};
		0DCC175F2760E34500E0322F /* ImageRecognizer */ = {
			isa = XCSwiftPackageProductDependency;
			productName = ImageRecognizer;
		};
		0DFD4D35275FAEA600088631 /* Views */ = {
			isa = XCSwiftPackageProductDependency;
			productName = Views;
		};
/* End XCSwiftPackageProductDependency section */
	};
	rootObject = 0DFD4D0D275F943F00088631 /* Project object */;
}
