// !$*UTF8*$!
{
	archiveVersion = 1;
	classes = {
	};
	objectVersion = 55;
	objects = {

/* Begin PBXBuildFile section */
		0D2C68FE27BD03B600F071A0 /* CloudKit.framework in Frameworks */ = {isa = PBXBuildFile; fileRef = 0D2C68FD27BD03B600F071A0 /* CloudKit.framework */; };
		0D2C690227BD078F00F071A0 /* ChecklistEntriesListView.swift in Sources */ = {isa = PBXBuildFile; fileRef = 0D2C690127BD078F00F071A0 /* ChecklistEntriesListView.swift */; };
		0D2C690427BD07B000F071A0 /* ChecklistListRow.swift in Sources */ = {isa = PBXBuildFile; fileRef = 0D2C690327BD07B000F071A0 /* ChecklistListRow.swift */; };
		0D2C690627BD07BE00F071A0 /* ChecklistEntriesListRow.swift in Sources */ = {isa = PBXBuildFile; fileRef = 0D2C690527BD07BE00F071A0 /* ChecklistEntriesListRow.swift */; };
		0D2C690827BD17F400F071A0 /* L10n+WatchStuff.swift in Sources */ = {isa = PBXBuildFile; fileRef = 0D2C690727BD17F400F071A0 /* L10n+WatchStuff.swift */; };
		0D2C690C27BD4B4D00F071A0 /* WhereIsItemIntentHandler.swift in Sources */ = {isa = PBXBuildFile; fileRef = 0D2C690B27BD4B4D00F071A0 /* WhereIsItemIntentHandler.swift */; };
		0D2C691127BE4EF200F071A0 /* StuffItnents.intentdefinition in Sources */ = {isa = PBXBuildFile; fileRef = 0D2C691527BE4EF200F071A0 /* StuffItnents.intentdefinition */; settings = {ATTRIBUTES = (no_codegen, ); }; };
		0D2C691227BE4EF200F071A0 /* StuffItnents.intentdefinition in Sources */ = {isa = PBXBuildFile; fileRef = 0D2C691527BE4EF200F071A0 /* StuffItnents.intentdefinition */; };
		0D2C691327BE4EF200F071A0 /* StuffItnents.intentdefinition in Sources */ = {isa = PBXBuildFile; fileRef = 0D2C691527BE4EF200F071A0 /* StuffItnents.intentdefinition */; };
		0D2C692827BE510700F071A0 /* InfoPlist.strings in Resources */ = {isa = PBXBuildFile; fileRef = 0D2C692A27BE510700F071A0 /* InfoPlist.strings */; };
		0D2C692D27BE709300F071A0 /* PlaceItemIntentHandler.swift in Sources */ = {isa = PBXBuildFile; fileRef = 0D2C692C27BE709300F071A0 /* PlaceItemIntentHandler.swift */; };
		0D2C692F27BE770900F071A0 /* L10n+StuffIntentHandlers.swift in Sources */ = {isa = PBXBuildFile; fileRef = 0D2C692E27BE770900F071A0 /* L10n+StuffIntentHandlers.swift */; };
		0D2C693127BE7E4D00F071A0 /* AddItemToChecklistIntentHandler.swift in Sources */ = {isa = PBXBuildFile; fileRef = 0D2C693027BE7E4D00F071A0 /* AddItemToChecklistIntentHandler.swift */; };
		0D847FE627BCF40900C4674E /* Assets.xcassets in Resources */ = {isa = PBXBuildFile; fileRef = 0D847FE527BCF40900C4674E /* Assets.xcassets */; };
		0D847FEC27BCF40900C4674E /* WatchStuffExtension.appex in Embed App Extensions */ = {isa = PBXBuildFile; fileRef = 0D847FEB27BCF40900C4674E /* WatchStuffExtension.appex */; settings = {ATTRIBUTES = (RemoveHeadersOnCopy, ); }; };
		0D847FF127BCF40900C4674E /* ChecklistsListView.swift in Sources */ = {isa = PBXBuildFile; fileRef = 0D847FF027BCF40900C4674E /* ChecklistsListView.swift */; };
		0D847FF327BCF40900C4674E /* StuffApp.swift in Sources */ = {isa = PBXBuildFile; fileRef = 0D847FF227BCF40900C4674E /* StuffApp.swift */; };
		0D847FF527BCF40900C4674E /* ComplicationController.swift in Sources */ = {isa = PBXBuildFile; fileRef = 0D847FF427BCF40900C4674E /* ComplicationController.swift */; };
		0D847FF727BCF40A00C4674E /* Assets.xcassets in Resources */ = {isa = PBXBuildFile; fileRef = 0D847FF627BCF40A00C4674E /* Assets.xcassets */; };
		0D847FFA27BCF40A00C4674E /* Preview Assets.xcassets in Resources */ = {isa = PBXBuildFile; fileRef = 0D847FF927BCF40A00C4674E /* Preview Assets.xcassets */; };
		0D847FFE27BCF40A00C4674E /* WatchStuff.app in Embed Watch Content */ = {isa = PBXBuildFile; fileRef = 0D847FE327BCF40700C4674E /* WatchStuff.app */; platformFilter = ios; settings = {ATTRIBUTES = (RemoveHeadersOnCopy, ); }; };
		0D84800927BCF45B00C4674E /* DataModel in Frameworks */ = {isa = PBXBuildFile; productRef = 0D84800827BCF45B00C4674E /* DataModel */; };
		0D84800B27BCF45B00C4674E /* Localization in Frameworks */ = {isa = PBXBuildFile; productRef = 0D84800A27BCF45B00C4674E /* Localization */; };
		0DB6D1AA2760E3E40068F985 /* DataModel in Frameworks */ = {isa = PBXBuildFile; productRef = 0DB6D1A92760E3E40068F985 /* DataModel */; };
		0DB6D1AC2760FB460068F985 /* CloudKit.framework in Frameworks */ = {isa = PBXBuildFile; fileRef = 0DB6D1AB2760FB460068F985 /* CloudKit.framework */; };
		0DCBDBB627B2A8CF00A5BEB2 /* MacContentView.swift in Sources */ = {isa = PBXBuildFile; fileRef = 0DCBDBB527B2A8CF00A5BEB2 /* MacContentView.swift */; };
		0DCC175C2760D7CC00E0322F /* README.md in Resources */ = {isa = PBXBuildFile; fileRef = 0DCC175A2760D7CC00E0322F /* README.md */; };
		0DCC175D2760D7CC00E0322F /* LICENSE in Resources */ = {isa = PBXBuildFile; fileRef = 0DCC175B2760D7CC00E0322F /* LICENSE */; };
		0DCC17602760E34500E0322F /* ImageRecognizer in Frameworks */ = {isa = PBXBuildFile; productRef = 0DCC175F2760E34500E0322F /* ImageRecognizer */; };
		0DDA6B0827B54B270053E8F7 /* QuickAction.swift in Sources */ = {isa = PBXBuildFile; fileRef = 0DDA6B0727B54B270053E8F7 /* QuickAction.swift */; };
		0DE9884C27BA98AC00EB2EA4 /* LifeCycleDelegates.swift in Sources */ = {isa = PBXBuildFile; fileRef = 0DE9884B27BA98AC00EB2EA4 /* LifeCycleDelegates.swift */; };
		0DE9884E27BBA8F900EB2EA4 /* Credits.rtf in Resources */ = {isa = PBXBuildFile; fileRef = 0DE9884D27BBA8F900EB2EA4 /* Credits.rtf */; };
		0DE9885127BBCFCB00EB2EA4 /* ChecklistEntriesEntry.swift in Sources */ = {isa = PBXBuildFile; fileRef = 0DE9885027BBCFCB00EB2EA4 /* ChecklistEntriesEntry.swift */; };
		0DE9885327BBCFD700EB2EA4 /* ChecklistEntriesProvider.swift in Sources */ = {isa = PBXBuildFile; fileRef = 0DE9885227BBCFD700EB2EA4 /* ChecklistEntriesProvider.swift */; };
		0DE9885527BBCFE800EB2EA4 /* ChecklistEntriesView.swift in Sources */ = {isa = PBXBuildFile; fileRef = 0DE9885427BBCFE800EB2EA4 /* ChecklistEntriesView.swift */; };
		0DE9885727BBCFF700EB2EA4 /* ChecklistEntriesWidget.swift in Sources */ = {isa = PBXBuildFile; fileRef = 0DE9885627BBCFF700EB2EA4 /* ChecklistEntriesWidget.swift */; };
		0DE9885927BBD10600EB2EA4 /* ListLabelStyle.swift in Sources */ = {isa = PBXBuildFile; fileRef = 0DE9885827BBD10600EB2EA4 /* ListLabelStyle.swift */; };
		0DE9886327BBD7C800EB2EA4 /* Intents.framework in Frameworks */ = {isa = PBXBuildFile; fileRef = 0DE9886227BBD7C800EB2EA4 /* Intents.framework */; };
		0DE9886627BBD7C800EB2EA4 /* IntentHandler.swift in Sources */ = {isa = PBXBuildFile; fileRef = 0DE9886527BBD7C800EB2EA4 /* IntentHandler.swift */; };
		0DE9886A27BBD7C800EB2EA4 /* StuffIntentHandlers.appex in Embed App Extensions */ = {isa = PBXBuildFile; fileRef = 0DE9886127BBD7C800EB2EA4 /* StuffIntentHandlers.appex */; settings = {ATTRIBUTES = (RemoveHeadersOnCopy, ); }; };
		0DE9887127BBD80C00EB2EA4 /* DataModel in Frameworks */ = {isa = PBXBuildFile; productRef = 0DE9887027BBD80C00EB2EA4 /* DataModel */; };
		0DE9887327BBD80C00EB2EA4 /* Localization in Frameworks */ = {isa = PBXBuildFile; productRef = 0DE9887227BBD80C00EB2EA4 /* Localization */; };
		0DE9887527BBD80C00EB2EA4 /* Logger in Frameworks */ = {isa = PBXBuildFile; productRef = 0DE9887427BBD80C00EB2EA4 /* Logger */; };
		0DE9887727BBD87700EB2EA4 /* ChecklistEntriesConfigurationHandler.swift in Sources */ = {isa = PBXBuildFile; fileRef = 0DE9887627BBD87700EB2EA4 /* ChecklistEntriesConfigurationHandler.swift */; };
		0DFD4D19275F944000088631 /* StuffApp.swift in Sources */ = {isa = PBXBuildFile; fileRef = 0DFD4D18275F944000088631 /* StuffApp.swift */; };
		0DFD4D1B275F944000088631 /* ContentView.swift in Sources */ = {isa = PBXBuildFile; fileRef = 0DFD4D1A275F944000088631 /* ContentView.swift */; };
		0DFD4D1D275F944200088631 /* Assets.xcassets in Resources */ = {isa = PBXBuildFile; fileRef = 0DFD4D1C275F944200088631 /* Assets.xcassets */; };
		0DFD4D20275F944200088631 /* Preview Assets.xcassets in Resources */ = {isa = PBXBuildFile; fileRef = 0DFD4D1F275F944200088631 /* Preview Assets.xcassets */; };
		0DFD4D36275FAEA600088631 /* Views in Frameworks */ = {isa = PBXBuildFile; productRef = 0DFD4D35275FAEA600088631 /* Views */; };
		8669BF7A27B91A9300D09911 /* WidgetKit.framework in Frameworks */ = {isa = PBXBuildFile; fileRef = 8669BF7927B91A9300D09911 /* WidgetKit.framework */; };
		8669BF7C27B91A9300D09911 /* SwiftUI.framework in Frameworks */ = {isa = PBXBuildFile; fileRef = 8669BF7B27B91A9300D09911 /* SwiftUI.framework */; };
		8669BF7F27B91A9300D09911 /* RecentChechlistsWidget.swift in Sources */ = {isa = PBXBuildFile; fileRef = 8669BF7E27B91A9300D09911 /* RecentChechlistsWidget.swift */; };
		8669BF8127B91A9400D09911 /* Assets.xcassets in Resources */ = {isa = PBXBuildFile; fileRef = 8669BF8027B91A9400D09911 /* Assets.xcassets */; };
		8669BF8527B91A9400D09911 /* StuffWidgetsExtension.appex in Embed App Extensions */ = {isa = PBXBuildFile; fileRef = 8669BF7827B91A9300D09911 /* StuffWidgetsExtension.appex */; settings = {ATTRIBUTES = (RemoveHeadersOnCopy, ); }; };
		8669BF8C27B91AB900D09911 /* DataModel in Frameworks */ = {isa = PBXBuildFile; productRef = 8669BF8B27B91AB900D09911 /* DataModel */; };
		8669BF8E27B91AB900D09911 /* Localization in Frameworks */ = {isa = PBXBuildFile; productRef = 8669BF8D27B91AB900D09911 /* Localization */; };
		8669BF9027B91AB900D09911 /* Logger in Frameworks */ = {isa = PBXBuildFile; productRef = 8669BF8F27B91AB900D09911 /* Logger */; };
		8669BF9327B91BAD00D09911 /* RecentChecklistsProvider.swift in Sources */ = {isa = PBXBuildFile; fileRef = 8669BF9127B91BA900D09911 /* RecentChecklistsProvider.swift */; };
		8669BF9727B91BED00D09911 /* RecentChecklistsEntry.swift in Sources */ = {isa = PBXBuildFile; fileRef = 8669BF9627B91BEC00D09911 /* RecentChecklistsEntry.swift */; };
		8669BF9827B91BF200D09911 /* RecentChecklistsView.swift in Sources */ = {isa = PBXBuildFile; fileRef = 8669BF9427B91BBE00D09911 /* RecentChecklistsView.swift */; };
		8669BF9A27B91DF000D09911 /* StuffWidgetsBundle.swift in Sources */ = {isa = PBXBuildFile; fileRef = 8669BF9927B91DF000D09911 /* StuffWidgetsBundle.swift */; };
		8669BF9C27B938D700D09911 /* CloudKit.framework in Frameworks */ = {isa = PBXBuildFile; fileRef = 0DB6D1AB2760FB460068F985 /* CloudKit.framework */; };
		8669BF9F27B93F3700D09911 /* InfoPlist.strings in Resources */ = {isa = PBXBuildFile; fileRef = 8669BFA127B93F3700D09911 /* InfoPlist.strings */; };
		8669BFA427B9731000D09911 /* L10n+StuffWidget.swift in Sources */ = {isa = PBXBuildFile; fileRef = 8669BFA327B9731000D09911 /* L10n+StuffWidget.swift */; };
		86B8D2F127B79AC500DAEE77 /* InfoPlist.strings in Resources */ = {isa = PBXBuildFile; fileRef = 86B8D2F327B79AC500DAEE77 /* InfoPlist.strings */; };
		86E001C427B7DA54002E7F1E /* L10n+App.swift in Sources */ = {isa = PBXBuildFile; fileRef = 86E001C327B7DA54002E7F1E /* L10n+App.swift */; };
/* End PBXBuildFile section */

/* Begin PBXContainerItemProxy section */
		0D847FED27BCF40900C4674E /* PBXContainerItemProxy */ = {
			isa = PBXContainerItemProxy;
			containerPortal = 0DFD4D0D275F943F00088631 /* Project object */;
			proxyType = 1;
			remoteGlobalIDString = 0D847FEA27BCF40900C4674E;
			remoteInfo = "WatchStuff WatchKit Extension";
		};
		0D847FFC27BCF40A00C4674E /* PBXContainerItemProxy */ = {
			isa = PBXContainerItemProxy;
			containerPortal = 0DFD4D0D275F943F00088631 /* Project object */;
			proxyType = 1;
			remoteGlobalIDString = 0D847FE227BCF40700C4674E;
			remoteInfo = WatchStuff;
		};
		0DE9886827BBD7C800EB2EA4 /* PBXContainerItemProxy */ = {
			isa = PBXContainerItemProxy;
			containerPortal = 0DFD4D0D275F943F00088631 /* Project object */;
			proxyType = 1;
			remoteGlobalIDString = 0DE9886027BBD7C800EB2EA4;
			remoteInfo = WidgetConfiguration;
		};
		8669BF8327B91A9400D09911 /* PBXContainerItemProxy */ = {
			isa = PBXContainerItemProxy;
			containerPortal = 0DFD4D0D275F943F00088631 /* Project object */;
			proxyType = 1;
			remoteGlobalIDString = 8669BF7727B91A9300D09911;
			remoteInfo = StuffWidgetExtension;
		};
/* End PBXContainerItemProxy section */

/* Begin PBXCopyFilesBuildPhase section */
		0D84800227BCF40A00C4674E /* Embed App Extensions */ = {
			isa = PBXCopyFilesBuildPhase;
			buildActionMask = 2147483647;
			dstPath = "";
			dstSubfolderSpec = 13;
			files = (
				0D847FEC27BCF40900C4674E /* WatchStuffExtension.appex in Embed App Extensions */,
			);
			name = "Embed App Extensions";
			runOnlyForDeploymentPostprocessing = 0;
		};
		0D84800627BCF40A00C4674E /* Embed Watch Content */ = {
			isa = PBXCopyFilesBuildPhase;
			buildActionMask = 2147483647;
			dstPath = "$(CONTENTS_FOLDER_PATH)/Watch";
			dstSubfolderSpec = 16;
			files = (
				0D847FFE27BCF40A00C4674E /* WatchStuff.app in Embed Watch Content */,
			);
			name = "Embed Watch Content";
			runOnlyForDeploymentPostprocessing = 0;
		};
		8669BF8727B91A9400D09911 /* Embed App Extensions */ = {
			isa = PBXCopyFilesBuildPhase;
			buildActionMask = 2147483647;
			dstPath = "";
			dstSubfolderSpec = 13;
			files = (
				8669BF8527B91A9400D09911 /* StuffWidgetsExtension.appex in Embed App Extensions */,
				0DE9886A27BBD7C800EB2EA4 /* StuffIntentHandlers.appex in Embed App Extensions */,
			);
			name = "Embed App Extensions";
			runOnlyForDeploymentPostprocessing = 0;
		};
/* End PBXCopyFilesBuildPhase section */

/* Begin PBXFileReference section */
		0D2C68FC27BD01F000F071A0 /* WatchStuff.entitlements */ = {isa = PBXFileReference; lastKnownFileType = text.plist.entitlements; path = WatchStuff.entitlements; sourceTree = "<group>"; };
		0D2C68FD27BD03B600F071A0 /* CloudKit.framework */ = {isa = PBXFileReference; lastKnownFileType = wrapper.framework; name = CloudKit.framework; path = Platforms/WatchOS.platform/Developer/SDKs/WatchOS8.3.sdk/System/Library/Frameworks/CloudKit.framework; sourceTree = DEVELOPER_DIR; };
		0D2C690127BD078F00F071A0 /* ChecklistEntriesListView.swift */ = {isa = PBXFileReference; lastKnownFileType = sourcecode.swift; path = ChecklistEntriesListView.swift; sourceTree = "<group>"; };
		0D2C690327BD07B000F071A0 /* ChecklistListRow.swift */ = {isa = PBXFileReference; lastKnownFileType = sourcecode.swift; path = ChecklistListRow.swift; sourceTree = "<group>"; };
		0D2C690527BD07BE00F071A0 /* ChecklistEntriesListRow.swift */ = {isa = PBXFileReference; lastKnownFileType = sourcecode.swift; path = ChecklistEntriesListRow.swift; sourceTree = "<group>"; };
		0D2C690727BD17F400F071A0 /* L10n+WatchStuff.swift */ = {isa = PBXFileReference; lastKnownFileType = sourcecode.swift; path = "L10n+WatchStuff.swift"; sourceTree = "<group>"; };
		0D2C690B27BD4B4D00F071A0 /* WhereIsItemIntentHandler.swift */ = {isa = PBXFileReference; lastKnownFileType = sourcecode.swift; path = WhereIsItemIntentHandler.swift; sourceTree = "<group>"; };
		0D2C691427BE4EF200F071A0 /* Base */ = {isa = PBXFileReference; lastKnownFileType = file.intentdefinition; name = Base; path = Base.lproj/StuffItnents.intentdefinition; sourceTree = "<group>"; };
		0D2C692927BE510700F071A0 /* en */ = {isa = PBXFileReference; lastKnownFileType = text.plist.strings; name = en; path = en.lproj/InfoPlist.strings; sourceTree = "<group>"; };
		0D2C692B27BE510A00F071A0 /* ru */ = {isa = PBXFileReference; lastKnownFileType = text.plist.strings; name = ru; path = ru.lproj/InfoPlist.strings; sourceTree = "<group>"; };
		0D2C692C27BE709300F071A0 /* PlaceItemIntentHandler.swift */ = {isa = PBXFileReference; lastKnownFileType = sourcecode.swift; path = PlaceItemIntentHandler.swift; sourceTree = "<group>"; };
		0D2C692E27BE770900F071A0 /* L10n+StuffIntentHandlers.swift */ = {isa = PBXFileReference; lastKnownFileType = sourcecode.swift; path = "L10n+StuffIntentHandlers.swift"; sourceTree = "<group>"; };
		0D2C693027BE7E4D00F071A0 /* AddItemToChecklistIntentHandler.swift */ = {isa = PBXFileReference; lastKnownFileType = sourcecode.swift; path = AddItemToChecklistIntentHandler.swift; sourceTree = "<group>"; };
		0D2C693F27BE99E500F071A0 /* en */ = {isa = PBXFileReference; lastKnownFileType = text.plist.strings; name = en; path = en.lproj/StuffItnents.strings; sourceTree = "<group>"; };
		0D2C694127BE99E600F071A0 /* ru */ = {isa = PBXFileReference; lastKnownFileType = text.plist.strings; name = ru; path = ru.lproj/StuffItnents.strings; sourceTree = "<group>"; };
		0D37951F279DA42E00E63290 /* CloudKit.framework */ = {isa = PBXFileReference; lastKnownFileType = wrapper.framework; name = CloudKit.framework; path = Platforms/MacOSX.platform/Developer/SDKs/MacOSX12.1.sdk/System/Library/Frameworks/CloudKit.framework; sourceTree = DEVELOPER_DIR; };
		0D4C94662798449200E59D09 /* Info.plist */ = {isa = PBXFileReference; lastKnownFileType = text.plist; path = Info.plist; sourceTree = "<group>"; };
		0D847FE327BCF40700C4674E /* WatchStuff.app */ = {isa = PBXFileReference; explicitFileType = wrapper.application; includeInIndex = 0; path = WatchStuff.app; sourceTree = BUILT_PRODUCTS_DIR; };
		0D847FE527BCF40900C4674E /* Assets.xcassets */ = {isa = PBXFileReference; lastKnownFileType = folder.assetcatalog; path = Assets.xcassets; sourceTree = "<group>"; };
		0D847FEB27BCF40900C4674E /* WatchStuffExtension.appex */ = {isa = PBXFileReference; explicitFileType = "wrapper.app-extension"; includeInIndex = 0; path = WatchStuffExtension.appex; sourceTree = BUILT_PRODUCTS_DIR; };
		0D847FF027BCF40900C4674E /* ChecklistsListView.swift */ = {isa = PBXFileReference; lastKnownFileType = sourcecode.swift; path = ChecklistsListView.swift; sourceTree = "<group>"; };
		0D847FF227BCF40900C4674E /* StuffApp.swift */ = {isa = PBXFileReference; lastKnownFileType = sourcecode.swift; path = StuffApp.swift; sourceTree = "<group>"; };
		0D847FF427BCF40900C4674E /* ComplicationController.swift */ = {isa = PBXFileReference; lastKnownFileType = sourcecode.swift; path = ComplicationController.swift; sourceTree = "<group>"; };
		0D847FF627BCF40A00C4674E /* Assets.xcassets */ = {isa = PBXFileReference; lastKnownFileType = folder.assetcatalog; path = Assets.xcassets; sourceTree = "<group>"; };
		0D847FF927BCF40A00C4674E /* Preview Assets.xcassets */ = {isa = PBXFileReference; lastKnownFileType = folder.assetcatalog; path = "Preview Assets.xcassets"; sourceTree = "<group>"; };
		0D847FFB27BCF40A00C4674E /* Info.plist */ = {isa = PBXFileReference; lastKnownFileType = text.plist.xml; path = Info.plist; sourceTree = "<group>"; };
		0D84800727BCF44200C4674E /* WatchStuffExtension.entitlements */ = {isa = PBXFileReference; lastKnownFileType = text.plist.entitlements; path = WatchStuffExtension.entitlements; sourceTree = "<group>"; };
		0D8EAE1C276A21DE00B39E9D /* Logger */ = {isa = PBXFileReference; lastKnownFileType = wrapper; name = Logger; path = ../Logger; sourceTree = "<group>"; };
		0DB6D1AB2760FB460068F985 /* CloudKit.framework */ = {isa = PBXFileReference; lastKnownFileType = wrapper.framework; name = CloudKit.framework; path = System/Library/Frameworks/CloudKit.framework; sourceTree = SDKROOT; };
		0DCBDBB527B2A8CF00A5BEB2 /* MacContentView.swift */ = {isa = PBXFileReference; lastKnownFileType = sourcecode.swift; path = MacContentView.swift; sourceTree = "<group>"; };
		0DCC17592760CCFD00E0322F /* ImageRecognizer */ = {isa = PBXFileReference; lastKnownFileType = folder; name = ImageRecognizer; path = ../ImageRecognizer; sourceTree = "<group>"; };
		0DCC175A2760D7CC00E0322F /* README.md */ = {isa = PBXFileReference; fileEncoding = 4; lastKnownFileType = net.daringfireball.markdown; name = README.md; path = ../README.md; sourceTree = "<group>"; };
		0DCC175B2760D7CC00E0322F /* LICENSE */ = {isa = PBXFileReference; fileEncoding = 4; lastKnownFileType = text; name = LICENSE; path = ../LICENSE; sourceTree = "<group>"; };
		0DCC175E2760E31900E0322F /* DataModel */ = {isa = PBXFileReference; lastKnownFileType = folder; name = DataModel; path = ../DataModel; sourceTree = "<group>"; };
		0DDA6B0727B54B270053E8F7 /* QuickAction.swift */ = {isa = PBXFileReference; lastKnownFileType = sourcecode.swift; path = QuickAction.swift; sourceTree = "<group>"; };
		0DE9884B27BA98AC00EB2EA4 /* LifeCycleDelegates.swift */ = {isa = PBXFileReference; lastKnownFileType = sourcecode.swift; path = LifeCycleDelegates.swift; sourceTree = "<group>"; };
		0DE9884D27BBA8F900EB2EA4 /* Credits.rtf */ = {isa = PBXFileReference; lastKnownFileType = text.rtf; path = Credits.rtf; sourceTree = "<group>"; };
		0DE9885027BBCFCB00EB2EA4 /* ChecklistEntriesEntry.swift */ = {isa = PBXFileReference; lastKnownFileType = sourcecode.swift; path = ChecklistEntriesEntry.swift; sourceTree = "<group>"; };
		0DE9885227BBCFD700EB2EA4 /* ChecklistEntriesProvider.swift */ = {isa = PBXFileReference; lastKnownFileType = sourcecode.swift; path = ChecklistEntriesProvider.swift; sourceTree = "<group>"; };
		0DE9885427BBCFE800EB2EA4 /* ChecklistEntriesView.swift */ = {isa = PBXFileReference; lastKnownFileType = sourcecode.swift; path = ChecklistEntriesView.swift; sourceTree = "<group>"; };
		0DE9885627BBCFF700EB2EA4 /* ChecklistEntriesWidget.swift */ = {isa = PBXFileReference; lastKnownFileType = sourcecode.swift; path = ChecklistEntriesWidget.swift; sourceTree = "<group>"; };
		0DE9885827BBD10600EB2EA4 /* ListLabelStyle.swift */ = {isa = PBXFileReference; lastKnownFileType = sourcecode.swift; path = ListLabelStyle.swift; sourceTree = "<group>"; };
		0DE9886127BBD7C800EB2EA4 /* StuffIntentHandlers.appex */ = {isa = PBXFileReference; explicitFileType = "wrapper.app-extension"; includeInIndex = 0; path = StuffIntentHandlers.appex; sourceTree = BUILT_PRODUCTS_DIR; };
		0DE9886227BBD7C800EB2EA4 /* Intents.framework */ = {isa = PBXFileReference; lastKnownFileType = wrapper.framework; name = Intents.framework; path = System/Library/Frameworks/Intents.framework; sourceTree = SDKROOT; };
		0DE9886527BBD7C800EB2EA4 /* IntentHandler.swift */ = {isa = PBXFileReference; lastKnownFileType = sourcecode.swift; path = IntentHandler.swift; sourceTree = "<group>"; };
		0DE9886727BBD7C800EB2EA4 /* Info.plist */ = {isa = PBXFileReference; lastKnownFileType = text.plist.xml; path = Info.plist; sourceTree = "<group>"; };
		0DE9886B27BBD7C800EB2EA4 /* StuffIntentHandlers.entitlements */ = {isa = PBXFileReference; lastKnownFileType = text.plist.entitlements; path = StuffIntentHandlers.entitlements; sourceTree = "<group>"; };
		0DE9887627BBD87700EB2EA4 /* ChecklistEntriesConfigurationHandler.swift */ = {isa = PBXFileReference; lastKnownFileType = sourcecode.swift; path = ChecklistEntriesConfigurationHandler.swift; sourceTree = "<group>"; };
		0DFD4D15275F944000088631 /* Stuff.app */ = {isa = PBXFileReference; explicitFileType = wrapper.application; includeInIndex = 0; path = Stuff.app; sourceTree = BUILT_PRODUCTS_DIR; };
		0DFD4D18275F944000088631 /* StuffApp.swift */ = {isa = PBXFileReference; lastKnownFileType = sourcecode.swift; path = StuffApp.swift; sourceTree = "<group>"; };
		0DFD4D1A275F944000088631 /* ContentView.swift */ = {isa = PBXFileReference; lastKnownFileType = sourcecode.swift; path = ContentView.swift; sourceTree = "<group>"; };
		0DFD4D1C275F944200088631 /* Assets.xcassets */ = {isa = PBXFileReference; lastKnownFileType = folder.assetcatalog; path = Assets.xcassets; sourceTree = "<group>"; };
		0DFD4D1F275F944200088631 /* Preview Assets.xcassets */ = {isa = PBXFileReference; lastKnownFileType = folder.assetcatalog; path = "Preview Assets.xcassets"; sourceTree = "<group>"; };
		0DFD4D2B275F945C00088631 /* Stuff.entitlements */ = {isa = PBXFileReference; lastKnownFileType = text.plist.entitlements; path = Stuff.entitlements; sourceTree = "<group>"; };
		0DFD4D2C275FACA900088631 /* Views */ = {isa = PBXFileReference; lastKnownFileType = folder; name = Views; path = ../Views; sourceTree = "<group>"; };
		8669BF7827B91A9300D09911 /* StuffWidgetsExtension.appex */ = {isa = PBXFileReference; explicitFileType = "wrapper.app-extension"; includeInIndex = 0; path = StuffWidgetsExtension.appex; sourceTree = BUILT_PRODUCTS_DIR; };
		8669BF7927B91A9300D09911 /* WidgetKit.framework */ = {isa = PBXFileReference; lastKnownFileType = wrapper.framework; name = WidgetKit.framework; path = System/Library/Frameworks/WidgetKit.framework; sourceTree = SDKROOT; };
		8669BF7B27B91A9300D09911 /* SwiftUI.framework */ = {isa = PBXFileReference; lastKnownFileType = wrapper.framework; name = SwiftUI.framework; path = System/Library/Frameworks/SwiftUI.framework; sourceTree = SDKROOT; };
		8669BF7E27B91A9300D09911 /* RecentChechlistsWidget.swift */ = {isa = PBXFileReference; lastKnownFileType = sourcecode.swift; path = RecentChechlistsWidget.swift; sourceTree = "<group>"; };
		8669BF8027B91A9400D09911 /* Assets.xcassets */ = {isa = PBXFileReference; lastKnownFileType = folder.assetcatalog; path = Assets.xcassets; sourceTree = "<group>"; };
		8669BF8227B91A9400D09911 /* Info.plist */ = {isa = PBXFileReference; lastKnownFileType = text.plist.xml; path = Info.plist; sourceTree = "<group>"; };
		8669BF8627B91A9400D09911 /* StuffWidgetsExtension.entitlements */ = {isa = PBXFileReference; lastKnownFileType = text.plist.entitlements; path = StuffWidgetsExtension.entitlements; sourceTree = "<group>"; };
		8669BF9127B91BA900D09911 /* RecentChecklistsProvider.swift */ = {isa = PBXFileReference; lastKnownFileType = sourcecode.swift; path = RecentChecklistsProvider.swift; sourceTree = "<group>"; };
		8669BF9427B91BBE00D09911 /* RecentChecklistsView.swift */ = {isa = PBXFileReference; lastKnownFileType = sourcecode.swift; path = RecentChecklistsView.swift; sourceTree = "<group>"; };
		8669BF9627B91BEC00D09911 /* RecentChecklistsEntry.swift */ = {isa = PBXFileReference; lastKnownFileType = sourcecode.swift; path = RecentChecklistsEntry.swift; sourceTree = "<group>"; };
		8669BF9927B91DF000D09911 /* StuffWidgetsBundle.swift */ = {isa = PBXFileReference; lastKnownFileType = sourcecode.swift; path = StuffWidgetsBundle.swift; sourceTree = "<group>"; };
		8669BFA027B93F3700D09911 /* en */ = {isa = PBXFileReference; lastKnownFileType = text.plist.strings; name = en; path = en.lproj/InfoPlist.strings; sourceTree = "<group>"; };
		8669BFA227B93F3800D09911 /* ru */ = {isa = PBXFileReference; lastKnownFileType = text.plist.strings; name = ru; path = ru.lproj/InfoPlist.strings; sourceTree = "<group>"; };
		8669BFA327B9731000D09911 /* L10n+StuffWidget.swift */ = {isa = PBXFileReference; lastKnownFileType = sourcecode.swift; path = "L10n+StuffWidget.swift"; sourceTree = "<group>"; };
		8672FED727B8E3D300C436A6 /* ViewModels */ = {isa = PBXFileReference; lastKnownFileType = wrapper; name = ViewModels; path = ../ViewModels; sourceTree = "<group>"; };
		86B8D2F227B79AC500DAEE77 /* en */ = {isa = PBXFileReference; lastKnownFileType = text.plist.strings; name = en; path = en.lproj/InfoPlist.strings; sourceTree = "<group>"; };
		86B8D2F427B79AD700DAEE77 /* ru */ = {isa = PBXFileReference; lastKnownFileType = text.plist.strings; name = ru; path = ru.lproj/InfoPlist.strings; sourceTree = "<group>"; };
		86CC62EF27B8E61D00F251DB /* Localization */ = {isa = PBXFileReference; lastKnownFileType = wrapper; name = Localization; path = ../Localization; sourceTree = "<group>"; };
		86E001C327B7DA54002E7F1E /* L10n+App.swift */ = {isa = PBXFileReference; lastKnownFileType = sourcecode.swift; path = "L10n+App.swift"; sourceTree = "<group>"; };
/* End PBXFileReference section */

/* Begin PBXFrameworksBuildPhase section */
		0D847FE827BCF40900C4674E /* Frameworks */ = {
			isa = PBXFrameworksBuildPhase;
			buildActionMask = 2147483647;
			files = (
				0D2C68FE27BD03B600F071A0 /* CloudKit.framework in Frameworks */,
				0D84800927BCF45B00C4674E /* DataModel in Frameworks */,
				0D84800B27BCF45B00C4674E /* Localization in Frameworks */,
			);
			runOnlyForDeploymentPostprocessing = 0;
		};
		0DE9885E27BBD7C800EB2EA4 /* Frameworks */ = {
			isa = PBXFrameworksBuildPhase;
			buildActionMask = 2147483647;
			files = (
				0DE9887127BBD80C00EB2EA4 /* DataModel in Frameworks */,
				0DE9886327BBD7C800EB2EA4 /* Intents.framework in Frameworks */,
				0DE9887527BBD80C00EB2EA4 /* Logger in Frameworks */,
				0DE9887327BBD80C00EB2EA4 /* Localization in Frameworks */,
			);
			runOnlyForDeploymentPostprocessing = 0;
		};
		0DFD4D12275F944000088631 /* Frameworks */ = {
			isa = PBXFrameworksBuildPhase;
			buildActionMask = 2147483647;
			files = (
				0DCC17602760E34500E0322F /* ImageRecognizer in Frameworks */,
				0DB6D1AC2760FB460068F985 /* CloudKit.framework in Frameworks */,
				0DFD4D36275FAEA600088631 /* Views in Frameworks */,
				0DB6D1AA2760E3E40068F985 /* DataModel in Frameworks */,
			);
			runOnlyForDeploymentPostprocessing = 0;
		};
		8669BF7527B91A9300D09911 /* Frameworks */ = {
			isa = PBXFrameworksBuildPhase;
			buildActionMask = 2147483647;
			files = (
				8669BF9027B91AB900D09911 /* Logger in Frameworks */,
				8669BF7C27B91A9300D09911 /* SwiftUI.framework in Frameworks */,
				8669BF8E27B91AB900D09911 /* Localization in Frameworks */,
				8669BF9C27B938D700D09911 /* CloudKit.framework in Frameworks */,
				8669BF7A27B91A9300D09911 /* WidgetKit.framework in Frameworks */,
				8669BF8C27B91AB900D09911 /* DataModel in Frameworks */,
			);
			runOnlyForDeploymentPostprocessing = 0;
		};
/* End PBXFrameworksBuildPhase section */

/* Begin PBXGroup section */
		0D847FE427BCF40700C4674E /* WatchStuff */ = {
			isa = PBXGroup;
			children = (
				0D2C68FC27BD01F000F071A0 /* WatchStuff.entitlements */,
				0D847FE527BCF40900C4674E /* Assets.xcassets */,
			);
			path = WatchStuff;
			sourceTree = "<group>";
		};
		0D847FEF27BCF40900C4674E /* WatchStuffExtension */ = {
			isa = PBXGroup;
			children = (
				0D84800727BCF44200C4674E /* WatchStuffExtension.entitlements */,
				0D847FFB27BCF40A00C4674E /* Info.plist */,
				0D847FF627BCF40A00C4674E /* Assets.xcassets */,
				0D847FF427BCF40900C4674E /* ComplicationController.swift */,
				0D847FF227BCF40900C4674E /* StuffApp.swift */,
				0D847FF027BCF40900C4674E /* ChecklistsListView.swift */,
				0D2C690327BD07B000F071A0 /* ChecklistListRow.swift */,
				0D2C690127BD078F00F071A0 /* ChecklistEntriesListView.swift */,
				0D2C690527BD07BE00F071A0 /* ChecklistEntriesListRow.swift */,
				0D2C690727BD17F400F071A0 /* L10n+WatchStuff.swift */,
				0D847FF827BCF40A00C4674E /* Preview Content */,
			);
			path = WatchStuffExtension;
			sourceTree = "<group>";
		};
		0D847FF827BCF40A00C4674E /* Preview Content */ = {
			isa = PBXGroup;
			children = (
				0D847FF927BCF40A00C4674E /* Preview Assets.xcassets */,
			);
			path = "Preview Content";
			sourceTree = "<group>";
		};
		0DE9884F27BBCFAC00EB2EA4 /* ChecklistEntries */ = {
			isa = PBXGroup;
			children = (
				0DE9885027BBCFCB00EB2EA4 /* ChecklistEntriesEntry.swift */,
				0DE9885227BBCFD700EB2EA4 /* ChecklistEntriesProvider.swift */,
				0DE9885427BBCFE800EB2EA4 /* ChecklistEntriesView.swift */,
				0DE9885627BBCFF700EB2EA4 /* ChecklistEntriesWidget.swift */,
			);
			path = ChecklistEntries;
			sourceTree = "<group>";
		};
		0DE9886427BBD7C800EB2EA4 /* StuffIntentHandlers */ = {
			isa = PBXGroup;
			children = (
				0DE9886727BBD7C800EB2EA4 /* Info.plist */,
				0DE9886B27BBD7C800EB2EA4 /* StuffIntentHandlers.entitlements */,
				0D2C692A27BE510700F071A0 /* InfoPlist.strings */,
				0DE9886527BBD7C800EB2EA4 /* IntentHandler.swift */,
				0DE9887627BBD87700EB2EA4 /* ChecklistEntriesConfigurationHandler.swift */,
				0D2C690B27BD4B4D00F071A0 /* WhereIsItemIntentHandler.swift */,
				0D2C692C27BE709300F071A0 /* PlaceItemIntentHandler.swift */,
				0D2C693027BE7E4D00F071A0 /* AddItemToChecklistIntentHandler.swift */,
				0D2C692E27BE770900F071A0 /* L10n+StuffIntentHandlers.swift */,
			);
			path = StuffIntentHandlers;
			sourceTree = "<group>";
		};
		0DFD4D0C275F943F00088631 = {
			isa = PBXGroup;
			children = (
				0DCC175B2760D7CC00E0322F /* LICENSE */,
				0DCC175A2760D7CC00E0322F /* README.md */,
				0DFD4D33275FAD9500088631 /* Packages */,
				0DFD4D17275F944000088631 /* Stuff */,
				8669BF7D27B91A9300D09911 /* StuffWidgets */,
				0DE9886427BBD7C800EB2EA4 /* StuffIntentHandlers */,
				0D847FE427BCF40700C4674E /* WatchStuff */,
				0D847FEF27BCF40900C4674E /* WatchStuffExtension */,
				0DFD4D16275F944000088631 /* Products */,
				0DFD4D2D275FACC000088631 /* Frameworks */,
			);
			sourceTree = "<group>";
		};
		0DFD4D16275F944000088631 /* Products */ = {
			isa = PBXGroup;
			children = (
				0DFD4D15275F944000088631 /* Stuff.app */,
				8669BF7827B91A9300D09911 /* StuffWidgetsExtension.appex */,
				0DE9886127BBD7C800EB2EA4 /* StuffIntentHandlers.appex */,
				0D847FE327BCF40700C4674E /* WatchStuff.app */,
				0D847FEB27BCF40900C4674E /* WatchStuffExtension.appex */,
			);
			name = Products;
			sourceTree = "<group>";
		};
		0DFD4D17275F944000088631 /* Stuff */ = {
			isa = PBXGroup;
			children = (
				0D4C94662798449200E59D09 /* Info.plist */,
				0DFD4D2B275F945C00088631 /* Stuff.entitlements */,
				86B8D2F327B79AC500DAEE77 /* InfoPlist.strings */,
				0D2C691527BE4EF200F071A0 /* StuffItnents.intentdefinition */,
				0DDA6B0727B54B270053E8F7 /* QuickAction.swift */,
				0DE9884B27BA98AC00EB2EA4 /* LifeCycleDelegates.swift */,
				0DFD4D18275F944000088631 /* StuffApp.swift */,
				0DFD4D1A275F944000088631 /* ContentView.swift */,
				0DCBDBB527B2A8CF00A5BEB2 /* MacContentView.swift */,
				86E001C327B7DA54002E7F1E /* L10n+App.swift */,
				0DE9884D27BBA8F900EB2EA4 /* Credits.rtf */,
				0DFD4D1C275F944200088631 /* Assets.xcassets */,
				0DFD4D1E275F944200088631 /* Preview Content */,
			);
			path = Stuff;
			sourceTree = "<group>";
		};
		0DFD4D1E275F944200088631 /* Preview Content */ = {
			isa = PBXGroup;
			children = (
				0DFD4D1F275F944200088631 /* Preview Assets.xcassets */,
			);
			path = "Preview Content";
			sourceTree = "<group>";
		};
		0DFD4D2D275FACC000088631 /* Frameworks */ = {
			isa = PBXGroup;
			children = (
				0D2C68FD27BD03B600F071A0 /* CloudKit.framework */,
				0D37951F279DA42E00E63290 /* CloudKit.framework */,
				0DB6D1AB2760FB460068F985 /* CloudKit.framework */,
				8669BF7927B91A9300D09911 /* WidgetKit.framework */,
				8669BF7B27B91A9300D09911 /* SwiftUI.framework */,
				0DE9886227BBD7C800EB2EA4 /* Intents.framework */,
			);
			name = Frameworks;
			sourceTree = "<group>";
		};
		0DFD4D33275FAD9500088631 /* Packages */ = {
			isa = PBXGroup;
			children = (
				0DFD4D2C275FACA900088631 /* Views */,
				8672FED727B8E3D300C436A6 /* ViewModels */,
				0DCC175E2760E31900E0322F /* DataModel */,
				86CC62EF27B8E61D00F251DB /* Localization */,
				0DCC17592760CCFD00E0322F /* ImageRecognizer */,
				0D8EAE1C276A21DE00B39E9D /* Logger */,
			);
			name = Packages;
			sourceTree = "<group>";
		};
		8669BF7D27B91A9300D09911 /* StuffWidgets */ = {
			isa = PBXGroup;
			children = (
				8669BF9B27B9351800D09911 /* RecentChecklists */,
				0DE9884F27BBCFAC00EB2EA4 /* ChecklistEntries */,
				8669BF8227B91A9400D09911 /* Info.plist */,
				8669BF8627B91A9400D09911 /* StuffWidgetsExtension.entitlements */,
				8669BFA127B93F3700D09911 /* InfoPlist.strings */,
				8669BF8027B91A9400D09911 /* Assets.xcassets */,
				8669BF9927B91DF000D09911 /* StuffWidgetsBundle.swift */,
				8669BFA327B9731000D09911 /* L10n+StuffWidget.swift */,
				0DE9885827BBD10600EB2EA4 /* ListLabelStyle.swift */,
			);
			path = StuffWidgets;
			sourceTree = "<group>";
		};
		8669BF9B27B9351800D09911 /* RecentChecklists */ = {
			isa = PBXGroup;
			children = (
				8669BF9627B91BEC00D09911 /* RecentChecklistsEntry.swift */,
				8669BF9127B91BA900D09911 /* RecentChecklistsProvider.swift */,
				8669BF9427B91BBE00D09911 /* RecentChecklistsView.swift */,
				8669BF7E27B91A9300D09911 /* RecentChechlistsWidget.swift */,
			);
			path = RecentChecklists;
			sourceTree = "<group>";
		};
/* End PBXGroup section */

/* Begin PBXNativeTarget section */
		0D847FE227BCF40700C4674E /* WatchStuff */ = {
			isa = PBXNativeTarget;
			buildConfigurationList = 0D84800327BCF40A00C4674E /* Build configuration list for PBXNativeTarget "WatchStuff" */;
			buildPhases = (
				0D847FE127BCF40700C4674E /* Resources */,
				0D84800227BCF40A00C4674E /* Embed App Extensions */,
			);
			buildRules = (
			);
			dependencies = (
				0D847FEE27BCF40900C4674E /* PBXTargetDependency */,
			);
			name = WatchStuff;
			productName = WatchStuff;
			productReference = 0D847FE327BCF40700C4674E /* WatchStuff.app */;
			productType = "com.apple.product-type.application.watchapp2";
		};
		0D847FEA27BCF40900C4674E /* WatchStuffExtension */ = {
			isa = PBXNativeTarget;
			buildConfigurationList = 0D847FFF27BCF40A00C4674E /* Build configuration list for PBXNativeTarget "WatchStuffExtension" */;
			buildPhases = (
				0D847FE727BCF40900C4674E /* Sources */,
				0D847FE827BCF40900C4674E /* Frameworks */,
				0D847FE927BCF40900C4674E /* Resources */,
			);
			buildRules = (
			);
			dependencies = (
			);
			name = WatchStuffExtension;
			packageProductDependencies = (
				0D84800827BCF45B00C4674E /* DataModel */,
				0D84800A27BCF45B00C4674E /* Localization */,
			);
			productName = "WatchStuff WatchKit Extension";
			productReference = 0D847FEB27BCF40900C4674E /* WatchStuffExtension.appex */;
			productType = "com.apple.product-type.watchkit2-extension";
		};
		0DE9886027BBD7C800EB2EA4 /* StuffIntentHandlers */ = {
			isa = PBXNativeTarget;
			buildConfigurationList = 0DE9886C27BBD7C800EB2EA4 /* Build configuration list for PBXNativeTarget "StuffIntentHandlers" */;
			buildPhases = (
				0DE9885D27BBD7C800EB2EA4 /* Sources */,
				0DE9885E27BBD7C800EB2EA4 /* Frameworks */,
				0DE9885F27BBD7C800EB2EA4 /* Resources */,
			);
			buildRules = (
			);
			dependencies = (
			);
			name = StuffIntentHandlers;
			packageProductDependencies = (
				0DE9887027BBD80C00EB2EA4 /* DataModel */,
				0DE9887227BBD80C00EB2EA4 /* Localization */,
				0DE9887427BBD80C00EB2EA4 /* Logger */,
			);
			productName = WidgetConfiguration;
			productReference = 0DE9886127BBD7C800EB2EA4 /* StuffIntentHandlers.appex */;
			productType = "com.apple.product-type.app-extension";
		};
		0DFD4D14275F944000088631 /* Stuff */ = {
			isa = PBXNativeTarget;
			buildConfigurationList = 0DFD4D28275F944200088631 /* Build configuration list for PBXNativeTarget "Stuff" */;
			buildPhases = (
				0DFD4D11275F944000088631 /* Sources */,
				0DFD4D12275F944000088631 /* Frameworks */,
				0DFD4D13275F944000088631 /* Resources */,
				8669BF8727B91A9400D09911 /* Embed App Extensions */,
				0D84800627BCF40A00C4674E /* Embed Watch Content */,
			);
			buildRules = (
			);
			dependencies = (
				8669BF8427B91A9400D09911 /* PBXTargetDependency */,
				0DE9886927BBD7C800EB2EA4 /* PBXTargetDependency */,
				0D847FFD27BCF40A00C4674E /* PBXTargetDependency */,
			);
			name = Stuff;
			packageProductDependencies = (
				0DFD4D35275FAEA600088631 /* Views */,
				0DCC175F2760E34500E0322F /* ImageRecognizer */,
				0DB6D1A92760E3E40068F985 /* DataModel */,
			);
			productName = Stuff;
			productReference = 0DFD4D15275F944000088631 /* Stuff.app */;
			productType = "com.apple.product-type.application";
		};
		8669BF7727B91A9300D09911 /* StuffWidgetsExtension */ = {
			isa = PBXNativeTarget;
			buildConfigurationList = 8669BF8A27B91A9400D09911 /* Build configuration list for PBXNativeTarget "StuffWidgetsExtension" */;
			buildPhases = (
				8669BF7427B91A9300D09911 /* Sources */,
				8669BF7527B91A9300D09911 /* Frameworks */,
				8669BF7627B91A9300D09911 /* Resources */,
			);
			buildRules = (
			);
			dependencies = (
			);
			name = StuffWidgetsExtension;
			packageProductDependencies = (
				8669BF8B27B91AB900D09911 /* DataModel */,
				8669BF8D27B91AB900D09911 /* Localization */,
				8669BF8F27B91AB900D09911 /* Logger */,
			);
			productName = StuffWidgetExtension;
			productReference = 8669BF7827B91A9300D09911 /* StuffWidgetsExtension.appex */;
			productType = "com.apple.product-type.app-extension";
		};
/* End PBXNativeTarget section */

/* Begin PBXProject section */
		0DFD4D0D275F943F00088631 /* Project object */ = {
			isa = PBXProject;
			attributes = {
				BuildIndependentTargetsInParallel = 1;
				LastSwiftUpdateCheck = 1320;
				LastUpgradeCheck = 1310;
				TargetAttributes = {
					0D847FE227BCF40700C4674E = {
						CreatedOnToolsVersion = 13.2.1;
					};
					0D847FEA27BCF40900C4674E = {
						CreatedOnToolsVersion = 13.2.1;
					};
					0DE9886027BBD7C800EB2EA4 = {
						CreatedOnToolsVersion = 13.2.1;
					};
					0DFD4D14275F944000088631 = {
						CreatedOnToolsVersion = 13.1;
					};
					8669BF7727B91A9300D09911 = {
						CreatedOnToolsVersion = 13.2.1;
					};
				};
			};
			buildConfigurationList = 0DFD4D10275F943F00088631 /* Build configuration list for PBXProject "Stuff" */;
			compatibilityVersion = "Xcode 13.0";
			developmentRegion = en;
			hasScannedForEncodings = 0;
			knownRegions = (
				en,
				Base,
				ru,
			);
			mainGroup = 0DFD4D0C275F943F00088631;
			productRefGroup = 0DFD4D16275F944000088631 /* Products */;
			projectDirPath = "";
			projectRoot = "";
			targets = (
				0DFD4D14275F944000088631 /* Stuff */,
				8669BF7727B91A9300D09911 /* StuffWidgetsExtension */,
				0DE9886027BBD7C800EB2EA4 /* StuffIntentHandlers */,
				0D847FE227BCF40700C4674E /* WatchStuff */,
				0D847FEA27BCF40900C4674E /* WatchStuffExtension */,
			);
		};
/* End PBXProject section */

/* Begin PBXResourcesBuildPhase section */
		0D847FE127BCF40700C4674E /* Resources */ = {
			isa = PBXResourcesBuildPhase;
			buildActionMask = 2147483647;
			files = (
				0D847FE627BCF40900C4674E /* Assets.xcassets in Resources */,
			);
			runOnlyForDeploymentPostprocessing = 0;
		};
		0D847FE927BCF40900C4674E /* Resources */ = {
			isa = PBXResourcesBuildPhase;
			buildActionMask = 2147483647;
			files = (
				0D847FFA27BCF40A00C4674E /* Preview Assets.xcassets in Resources */,
				0D847FF727BCF40A00C4674E /* Assets.xcassets in Resources */,
			);
			runOnlyForDeploymentPostprocessing = 0;
		};
		0DE9885F27BBD7C800EB2EA4 /* Resources */ = {
			isa = PBXResourcesBuildPhase;
			buildActionMask = 2147483647;
			files = (
				0D2C692827BE510700F071A0 /* InfoPlist.strings in Resources */,
			);
			runOnlyForDeploymentPostprocessing = 0;
		};
		0DFD4D13275F944000088631 /* Resources */ = {
			isa = PBXResourcesBuildPhase;
			buildActionMask = 2147483647;
			files = (
				0DCC175C2760D7CC00E0322F /* README.md in Resources */,
				0DE9884E27BBA8F900EB2EA4 /* Credits.rtf in Resources */,
				0DFD4D20275F944200088631 /* Preview Assets.xcassets in Resources */,
				0DCC175D2760D7CC00E0322F /* LICENSE in Resources */,
				0DFD4D1D275F944200088631 /* Assets.xcassets in Resources */,
				86B8D2F127B79AC500DAEE77 /* InfoPlist.strings in Resources */,
			);
			runOnlyForDeploymentPostprocessing = 0;
		};
		8669BF7627B91A9300D09911 /* Resources */ = {
			isa = PBXResourcesBuildPhase;
			buildActionMask = 2147483647;
			files = (
				8669BF8127B91A9400D09911 /* Assets.xcassets in Resources */,
				8669BF9F27B93F3700D09911 /* InfoPlist.strings in Resources */,
			);
			runOnlyForDeploymentPostprocessing = 0;
		};
/* End PBXResourcesBuildPhase section */

/* Begin PBXSourcesBuildPhase section */
		0D847FE727BCF40900C4674E /* Sources */ = {
			isa = PBXSourcesBuildPhase;
			buildActionMask = 2147483647;
			files = (
				0D847FF327BCF40900C4674E /* StuffApp.swift in Sources */,
				0D847FF127BCF40900C4674E /* ChecklistsListView.swift in Sources */,
				0D847FF527BCF40900C4674E /* ComplicationController.swift in Sources */,
				0D2C690227BD078F00F071A0 /* ChecklistEntriesListView.swift in Sources */,
				0D2C690627BD07BE00F071A0 /* ChecklistEntriesListRow.swift in Sources */,
				0D2C690827BD17F400F071A0 /* L10n+WatchStuff.swift in Sources */,
				0D2C690427BD07B000F071A0 /* ChecklistListRow.swift in Sources */,
			);
			runOnlyForDeploymentPostprocessing = 0;
		};
		0DE9885D27BBD7C800EB2EA4 /* Sources */ = {
			isa = PBXSourcesBuildPhase;
			buildActionMask = 2147483647;
			files = (
				0D2C693127BE7E4D00F071A0 /* AddItemToChecklistIntentHandler.swift in Sources */,
				0D2C692F27BE770900F071A0 /* L10n+StuffIntentHandlers.swift in Sources */,
				0D2C692D27BE709300F071A0 /* PlaceItemIntentHandler.swift in Sources */,
				0DE9887727BBD87700EB2EA4 /* ChecklistEntriesConfigurationHandler.swift in Sources */,
				0D2C690C27BD4B4D00F071A0 /* WhereIsItemIntentHandler.swift in Sources */,
				0D2C691327BE4EF200F071A0 /* StuffItnents.intentdefinition in Sources */,
				0DE9886627BBD7C800EB2EA4 /* IntentHandler.swift in Sources */,
			);
			runOnlyForDeploymentPostprocessing = 0;
		};
		0DFD4D11275F944000088631 /* Sources */ = {
			isa = PBXSourcesBuildPhase;
			buildActionMask = 2147483647;
			files = (
				0DFD4D1B275F944000088631 /* ContentView.swift in Sources */,
				0DE9884C27BA98AC00EB2EA4 /* LifeCycleDelegates.swift in Sources */,
				86E001C427B7DA54002E7F1E /* L10n+App.swift in Sources */,
				0DFD4D19275F944000088631 /* StuffApp.swift in Sources */,
				0DCBDBB627B2A8CF00A5BEB2 /* MacContentView.swift in Sources */,
				0DDA6B0827B54B270053E8F7 /* QuickAction.swift in Sources */,
				0D2C691127BE4EF200F071A0 /* StuffItnents.intentdefinition in Sources */,
			);
			runOnlyForDeploymentPostprocessing = 0;
		};
		8669BF7427B91A9300D09911 /* Sources */ = {
			isa = PBXSourcesBuildPhase;
			buildActionMask = 2147483647;
			files = (
				0DE9885327BBCFD700EB2EA4 /* ChecklistEntriesProvider.swift in Sources */,
				0DE9885127BBCFCB00EB2EA4 /* ChecklistEntriesEntry.swift in Sources */,
				0D2C691227BE4EF200F071A0 /* StuffItnents.intentdefinition in Sources */,
				8669BF9A27B91DF000D09911 /* StuffWidgetsBundle.swift in Sources */,
				0DE9885927BBD10600EB2EA4 /* ListLabelStyle.swift in Sources */,
				0DE9885527BBCFE800EB2EA4 /* ChecklistEntriesView.swift in Sources */,
				8669BF9727B91BED00D09911 /* RecentChecklistsEntry.swift in Sources */,
				0DE9885727BBCFF700EB2EA4 /* ChecklistEntriesWidget.swift in Sources */,
				8669BF7F27B91A9300D09911 /* RecentChechlistsWidget.swift in Sources */,
				8669BF9827B91BF200D09911 /* RecentChecklistsView.swift in Sources */,
				8669BF9327B91BAD00D09911 /* RecentChecklistsProvider.swift in Sources */,
				8669BFA427B9731000D09911 /* L10n+StuffWidget.swift in Sources */,
			);
			runOnlyForDeploymentPostprocessing = 0;
		};
/* End PBXSourcesBuildPhase section */

/* Begin PBXTargetDependency section */
		0D847FEE27BCF40900C4674E /* PBXTargetDependency */ = {
			isa = PBXTargetDependency;
			target = 0D847FEA27BCF40900C4674E /* WatchStuffExtension */;
			targetProxy = 0D847FED27BCF40900C4674E /* PBXContainerItemProxy */;
		};
		0D847FFD27BCF40A00C4674E /* PBXTargetDependency */ = {
			isa = PBXTargetDependency;
			platformFilter = ios;
			target = 0D847FE227BCF40700C4674E /* WatchStuff */;
			targetProxy = 0D847FFC27BCF40A00C4674E /* PBXContainerItemProxy */;
		};
		0DE9886927BBD7C800EB2EA4 /* PBXTargetDependency */ = {
			isa = PBXTargetDependency;
			target = 0DE9886027BBD7C800EB2EA4 /* StuffIntentHandlers */;
			targetProxy = 0DE9886827BBD7C800EB2EA4 /* PBXContainerItemProxy */;
		};
		8669BF8427B91A9400D09911 /* PBXTargetDependency */ = {
			isa = PBXTargetDependency;
			target = 8669BF7727B91A9300D09911 /* StuffWidgetsExtension */;
			targetProxy = 8669BF8327B91A9400D09911 /* PBXContainerItemProxy */;
		};
/* End PBXTargetDependency section */

/* Begin PBXVariantGroup section */
		0D2C691527BE4EF200F071A0 /* StuffItnents.intentdefinition */ = {
			isa = PBXVariantGroup;
			children = (
				0D2C691427BE4EF200F071A0 /* Base */,
				0D2C693F27BE99E500F071A0 /* en */,
				0D2C694127BE99E600F071A0 /* ru */,
			);
			name = StuffItnents.intentdefinition;
			sourceTree = "<group>";
		};
		0D2C692A27BE510700F071A0 /* InfoPlist.strings */ = {
			isa = PBXVariantGroup;
			children = (
				0D2C692927BE510700F071A0 /* en */,
				0D2C692B27BE510A00F071A0 /* ru */,
			);
			name = InfoPlist.strings;
			sourceTree = "<group>";
		};
		8669BFA127B93F3700D09911 /* InfoPlist.strings */ = {
			isa = PBXVariantGroup;
			children = (
				8669BFA027B93F3700D09911 /* en */,
				8669BFA227B93F3800D09911 /* ru */,
			);
			name = InfoPlist.strings;
			sourceTree = "<group>";
		};
		86B8D2F327B79AC500DAEE77 /* InfoPlist.strings */ = {
			isa = PBXVariantGroup;
			children = (
				86B8D2F227B79AC500DAEE77 /* en */,
				86B8D2F427B79AD700DAEE77 /* ru */,
			);
			name = InfoPlist.strings;
			sourceTree = "<group>";
		};
/* End PBXVariantGroup section */

/* Begin XCBuildConfiguration section */
		0D84800027BCF40A00C4674E /* Debug */ = {
			isa = XCBuildConfiguration;
			buildSettings = {
				ASSETCATALOG_COMPILER_COMPLICATION_NAME = Complication;
				CODE_SIGN_ENTITLEMENTS = WatchStuffExtension/WatchStuffExtension.entitlements;
				CODE_SIGN_IDENTITY = "Apple Development";
				CODE_SIGN_STYLE = Automatic;
				CURRENT_PROJECT_VERSION = 14;
				DEVELOPMENT_ASSET_PATHS = "\"WatchStuffExtension/Preview Content\"";
				DEVELOPMENT_TEAM = 4E63BYV878;
				ENABLE_PREVIEWS = YES;
				GENERATE_INFOPLIST_FILE = YES;
				INFOPLIST_FILE = WatchStuffExtension/Info.plist;
				INFOPLIST_KEY_CFBundleDisplayName = WatchStuffExtension;
				INFOPLIST_KEY_CLKComplicationPrincipalClass = WatchStuff_WatchKit_Extension.ComplicationController;
				INFOPLIST_KEY_NSHumanReadableCopyright = "";
				INFOPLIST_KEY_WKRunsIndependentlyOfCompanionApp = NO;
				LD_RUNPATH_SEARCH_PATHS = (
					"$(inherited)",
					"@executable_path/Frameworks",
					"@executable_path/../../Frameworks",
				);
				MARKETING_VERSION = 1.0;
				PRODUCT_BUNDLE_IDENTIFIER = com.tazetdinov.opensource.Stuff.watchkitapp.watchkitextension;
				PRODUCT_NAME = "${TARGET_NAME}";
				PROVISIONING_PROFILE_SPECIFIER = "";
				SDKROOT = watchos;
				SKIP_INSTALL = YES;
				SWIFT_EMIT_LOC_STRINGS = YES;
				SWIFT_VERSION = 5.0;
				TARGETED_DEVICE_FAMILY = 4;
				WATCHOS_DEPLOYMENT_TARGET = 8.0;
			};
			name = Debug;
		};
		0D84800127BCF40A00C4674E /* Release */ = {
			isa = XCBuildConfiguration;
			buildSettings = {
				ASSETCATALOG_COMPILER_COMPLICATION_NAME = Complication;
				CODE_SIGN_ENTITLEMENTS = WatchStuffExtension/WatchStuffExtension.entitlements;
				CODE_SIGN_IDENTITY = "Apple Development";
				CODE_SIGN_STYLE = Automatic;
				CURRENT_PROJECT_VERSION = 14;
				DEVELOPMENT_ASSET_PATHS = "\"WatchStuffExtension/Preview Content\"";
				DEVELOPMENT_TEAM = 4E63BYV878;
				ENABLE_PREVIEWS = YES;
				GENERATE_INFOPLIST_FILE = YES;
				INFOPLIST_FILE = WatchStuffExtension/Info.plist;
				INFOPLIST_KEY_CFBundleDisplayName = WatchStuffExtension;
				INFOPLIST_KEY_CLKComplicationPrincipalClass = WatchStuff_WatchKit_Extension.ComplicationController;
				INFOPLIST_KEY_NSHumanReadableCopyright = "";
				INFOPLIST_KEY_WKRunsIndependentlyOfCompanionApp = NO;
				LD_RUNPATH_SEARCH_PATHS = (
					"$(inherited)",
					"@executable_path/Frameworks",
					"@executable_path/../../Frameworks",
				);
				MARKETING_VERSION = 1.0;
				PRODUCT_BUNDLE_IDENTIFIER = com.tazetdinov.opensource.Stuff.watchkitapp.watchkitextension;
				PRODUCT_NAME = "${TARGET_NAME}";
				PROVISIONING_PROFILE_SPECIFIER = "";
				SDKROOT = watchos;
				SKIP_INSTALL = YES;
				SWIFT_EMIT_LOC_STRINGS = YES;
				SWIFT_VERSION = 5.0;
				TARGETED_DEVICE_FAMILY = 4;
				WATCHOS_DEPLOYMENT_TARGET = 8.0;
			};
			name = Release;
		};
		0D84800427BCF40A00C4674E /* Debug */ = {
			isa = XCBuildConfiguration;
			buildSettings = {
				ALWAYS_EMBED_SWIFT_STANDARD_LIBRARIES = YES;
				ASSETCATALOG_COMPILER_APPICON_NAME = AppIcon;
				ASSETCATALOG_COMPILER_GLOBAL_ACCENT_COLOR_NAME = AccentColor;
				CODE_SIGN_ENTITLEMENTS = WatchStuff/WatchStuff.entitlements;
				CODE_SIGN_IDENTITY = "Apple Development";
				CODE_SIGN_STYLE = Automatic;
				CURRENT_PROJECT_VERSION = 14;
				DEVELOPMENT_TEAM = 4E63BYV878;
				GENERATE_INFOPLIST_FILE = YES;
				IBSC_MODULE = WatchStuff_WatchKit_Extension;
				INFOPLIST_KEY_CFBundleDisplayName = WatchStuff;
				INFOPLIST_KEY_UISupportedInterfaceOrientations = "UIInterfaceOrientationPortrait UIInterfaceOrientationPortraitUpsideDown";
				INFOPLIST_KEY_WKCompanionAppBundleIdentifier = com.tazetdinov.opensource.Stuff;
				MARKETING_VERSION = 1.0;
				PRODUCT_BUNDLE_IDENTIFIER = com.tazetdinov.opensource.Stuff.watchkitapp;
				PRODUCT_NAME = "$(TARGET_NAME)";
				PROVISIONING_PROFILE_SPECIFIER = "";
				SDKROOT = watchos;
				SKIP_INSTALL = YES;
				SWIFT_EMIT_LOC_STRINGS = YES;
				SWIFT_VERSION = 5.0;
				TARGETED_DEVICE_FAMILY = 4;
				WATCHOS_DEPLOYMENT_TARGET = 8.0;
			};
			name = Debug;
		};
		0D84800527BCF40A00C4674E /* Release */ = {
			isa = XCBuildConfiguration;
			buildSettings = {
				ALWAYS_EMBED_SWIFT_STANDARD_LIBRARIES = YES;
				ASSETCATALOG_COMPILER_APPICON_NAME = AppIcon;
				ASSETCATALOG_COMPILER_GLOBAL_ACCENT_COLOR_NAME = AccentColor;
				CODE_SIGN_ENTITLEMENTS = WatchStuff/WatchStuff.entitlements;
				CODE_SIGN_IDENTITY = "Apple Development";
				CODE_SIGN_STYLE = Automatic;
				CURRENT_PROJECT_VERSION = 14;
				DEVELOPMENT_TEAM = 4E63BYV878;
				GENERATE_INFOPLIST_FILE = YES;
				IBSC_MODULE = WatchStuff_WatchKit_Extension;
				INFOPLIST_KEY_CFBundleDisplayName = WatchStuff;
				INFOPLIST_KEY_UISupportedInterfaceOrientations = "UIInterfaceOrientationPortrait UIInterfaceOrientationPortraitUpsideDown";
				INFOPLIST_KEY_WKCompanionAppBundleIdentifier = com.tazetdinov.opensource.Stuff;
				MARKETING_VERSION = 1.0;
				PRODUCT_BUNDLE_IDENTIFIER = com.tazetdinov.opensource.Stuff.watchkitapp;
				PRODUCT_NAME = "$(TARGET_NAME)";
				PROVISIONING_PROFILE_SPECIFIER = "";
				SDKROOT = watchos;
				SKIP_INSTALL = YES;
				SWIFT_EMIT_LOC_STRINGS = YES;
				SWIFT_VERSION = 5.0;
				TARGETED_DEVICE_FAMILY = 4;
				WATCHOS_DEPLOYMENT_TARGET = 8.0;
			};
			name = Release;
		};
		0DE9886D27BBD7C800EB2EA4 /* Debug */ = {
			isa = XCBuildConfiguration;
			buildSettings = {
				CODE_SIGN_ENTITLEMENTS = StuffIntentHandlers/StuffIntentHandlers.entitlements;
				CODE_SIGN_IDENTITY = "Apple Development";
				"CODE_SIGN_IDENTITY[sdk=macosx*]" = "Apple Development";
				CODE_SIGN_STYLE = Automatic;
				CURRENT_PROJECT_VERSION = 14;
				DEVELOPMENT_TEAM = 4E63BYV878;
				GENERATE_INFOPLIST_FILE = YES;
				INFOPLIST_FILE = StuffIntentHandlers/Info.plist;
				INFOPLIST_KEY_CFBundleDisplayName = StuffIntentHandlers;
				INFOPLIST_KEY_NSHumanReadableCopyright = "";
				IPHONEOS_DEPLOYMENT_TARGET = 15.0;
				LD_RUNPATH_SEARCH_PATHS = (
					"$(inherited)",
					"@executable_path/Frameworks",
					"@executable_path/../../Frameworks",
				);
				MARKETING_VERSION = 1.0;
				PRODUCT_BUNDLE_IDENTIFIER = com.tazetdinov.opensource.Stuff.StuffIntentHandlers;
				PRODUCT_NAME = "$(TARGET_NAME)";
				PROVISIONING_PROFILE_SPECIFIER = "";
				"PROVISIONING_PROFILE_SPECIFIER[sdk=macosx*]" = "";
				SKIP_INSTALL = YES;
				SUPPORTS_MACCATALYST = YES;
				SUPPORTS_MAC_DESIGNED_FOR_IPHONE_IPAD = NO;
				SWIFT_EMIT_LOC_STRINGS = YES;
				SWIFT_VERSION = 5.0;
				TARGETED_DEVICE_FAMILY = "1,2,6";
			};
			name = Debug;
		};
		0DE9886E27BBD7C800EB2EA4 /* Release */ = {
			isa = XCBuildConfiguration;
			buildSettings = {
				CODE_SIGN_ENTITLEMENTS = StuffIntentHandlers/StuffIntentHandlers.entitlements;
				CODE_SIGN_IDENTITY = "Apple Development";
				"CODE_SIGN_IDENTITY[sdk=macosx*]" = "Apple Development";
				CODE_SIGN_STYLE = Automatic;
				CURRENT_PROJECT_VERSION = 14;
				DEVELOPMENT_TEAM = 4E63BYV878;
				GENERATE_INFOPLIST_FILE = YES;
				INFOPLIST_FILE = StuffIntentHandlers/Info.plist;
				INFOPLIST_KEY_CFBundleDisplayName = StuffIntentHandlers;
				INFOPLIST_KEY_NSHumanReadableCopyright = "";
				IPHONEOS_DEPLOYMENT_TARGET = 15.0;
				LD_RUNPATH_SEARCH_PATHS = (
					"$(inherited)",
					"@executable_path/Frameworks",
					"@executable_path/../../Frameworks",
				);
				MARKETING_VERSION = 1.0;
				PRODUCT_BUNDLE_IDENTIFIER = com.tazetdinov.opensource.Stuff.StuffIntentHandlers;
				PRODUCT_NAME = "$(TARGET_NAME)";
				PROVISIONING_PROFILE_SPECIFIER = "";
				"PROVISIONING_PROFILE_SPECIFIER[sdk=macosx*]" = "";
				SKIP_INSTALL = YES;
				SUPPORTS_MACCATALYST = YES;
				SUPPORTS_MAC_DESIGNED_FOR_IPHONE_IPAD = NO;
				SWIFT_EMIT_LOC_STRINGS = YES;
				SWIFT_VERSION = 5.0;
				TARGETED_DEVICE_FAMILY = "1,2,6";
			};
			name = Release;
		};
		0DFD4D26275F944200088631 /* Debug */ = {
			isa = XCBuildConfiguration;
			buildSettings = {
				ALWAYS_SEARCH_USER_PATHS = NO;
				CLANG_ANALYZER_LOCALIZABILITY_NONLOCALIZED = YES;
				CLANG_ANALYZER_NONNULL = YES;
				CLANG_ANALYZER_NUMBER_OBJECT_CONVERSION = YES_AGGRESSIVE;
				CLANG_CXX_LANGUAGE_STANDARD = "gnu++17";
				CLANG_CXX_LIBRARY = "libc++";
				CLANG_ENABLE_MODULES = YES;
				CLANG_ENABLE_OBJC_ARC = YES;
				CLANG_ENABLE_OBJC_WEAK = YES;
				CLANG_WARN_BLOCK_CAPTURE_AUTORELEASING = YES;
				CLANG_WARN_BOOL_CONVERSION = YES;
				CLANG_WARN_COMMA = YES;
				CLANG_WARN_CONSTANT_CONVERSION = YES;
				CLANG_WARN_DEPRECATED_OBJC_IMPLEMENTATIONS = YES;
				CLANG_WARN_DIRECT_OBJC_ISA_USAGE = YES_ERROR;
				CLANG_WARN_DOCUMENTATION_COMMENTS = YES;
				CLANG_WARN_EMPTY_BODY = YES;
				CLANG_WARN_ENUM_CONVERSION = YES;
				CLANG_WARN_INFINITE_RECURSION = YES;
				CLANG_WARN_INT_CONVERSION = YES;
				CLANG_WARN_NON_LITERAL_NULL_CONVERSION = YES;
				CLANG_WARN_OBJC_IMPLICIT_RETAIN_SELF = YES;
				CLANG_WARN_OBJC_LITERAL_CONVERSION = YES;
				CLANG_WARN_OBJC_ROOT_CLASS = YES_ERROR;
				CLANG_WARN_QUOTED_INCLUDE_IN_FRAMEWORK_HEADER = YES;
				CLANG_WARN_RANGE_LOOP_ANALYSIS = YES;
				CLANG_WARN_STRICT_PROTOTYPES = YES;
				CLANG_WARN_SUSPICIOUS_MOVE = YES;
				CLANG_WARN_UNGUARDED_AVAILABILITY = YES_AGGRESSIVE;
				CLANG_WARN_UNREACHABLE_CODE = YES;
				CLANG_WARN__DUPLICATE_METHOD_MATCH = YES;
				COPY_PHASE_STRIP = NO;
				DEBUG_INFORMATION_FORMAT = dwarf;
				ENABLE_STRICT_OBJC_MSGSEND = YES;
				ENABLE_TESTABILITY = YES;
				GCC_C_LANGUAGE_STANDARD = gnu11;
				GCC_DYNAMIC_NO_PIC = NO;
				GCC_NO_COMMON_BLOCKS = YES;
				GCC_OPTIMIZATION_LEVEL = 0;
				GCC_PREPROCESSOR_DEFINITIONS = (
					"DEBUG=1",
					"$(inherited)",
				);
				GCC_WARN_64_TO_32_BIT_CONVERSION = YES;
				GCC_WARN_ABOUT_RETURN_TYPE = YES_ERROR;
				GCC_WARN_UNDECLARED_SELECTOR = YES;
				GCC_WARN_UNINITIALIZED_AUTOS = YES_AGGRESSIVE;
				GCC_WARN_UNUSED_FUNCTION = YES;
				GCC_WARN_UNUSED_VARIABLE = YES;
				IPHONEOS_DEPLOYMENT_TARGET = 15.0;
				MTL_ENABLE_DEBUG_INFO = INCLUDE_SOURCE;
				MTL_FAST_MATH = YES;
				ONLY_ACTIVE_ARCH = YES;
				SDKROOT = iphoneos;
				SWIFT_ACTIVE_COMPILATION_CONDITIONS = DEBUG;
				SWIFT_OPTIMIZATION_LEVEL = "-Onone";
			};
			name = Debug;
		};
		0DFD4D27275F944200088631 /* Release */ = {
			isa = XCBuildConfiguration;
			buildSettings = {
				ALWAYS_SEARCH_USER_PATHS = NO;
				CLANG_ANALYZER_LOCALIZABILITY_NONLOCALIZED = YES;
				CLANG_ANALYZER_NONNULL = YES;
				CLANG_ANALYZER_NUMBER_OBJECT_CONVERSION = YES_AGGRESSIVE;
				CLANG_CXX_LANGUAGE_STANDARD = "gnu++17";
				CLANG_CXX_LIBRARY = "libc++";
				CLANG_ENABLE_MODULES = YES;
				CLANG_ENABLE_OBJC_ARC = YES;
				CLANG_ENABLE_OBJC_WEAK = YES;
				CLANG_WARN_BLOCK_CAPTURE_AUTORELEASING = YES;
				CLANG_WARN_BOOL_CONVERSION = YES;
				CLANG_WARN_COMMA = YES;
				CLANG_WARN_CONSTANT_CONVERSION = YES;
				CLANG_WARN_DEPRECATED_OBJC_IMPLEMENTATIONS = YES;
				CLANG_WARN_DIRECT_OBJC_ISA_USAGE = YES_ERROR;
				CLANG_WARN_DOCUMENTATION_COMMENTS = YES;
				CLANG_WARN_EMPTY_BODY = YES;
				CLANG_WARN_ENUM_CONVERSION = YES;
				CLANG_WARN_INFINITE_RECURSION = YES;
				CLANG_WARN_INT_CONVERSION = YES;
				CLANG_WARN_NON_LITERAL_NULL_CONVERSION = YES;
				CLANG_WARN_OBJC_IMPLICIT_RETAIN_SELF = YES;
				CLANG_WARN_OBJC_LITERAL_CONVERSION = YES;
				CLANG_WARN_OBJC_ROOT_CLASS = YES_ERROR;
				CLANG_WARN_QUOTED_INCLUDE_IN_FRAMEWORK_HEADER = YES;
				CLANG_WARN_RANGE_LOOP_ANALYSIS = YES;
				CLANG_WARN_STRICT_PROTOTYPES = YES;
				CLANG_WARN_SUSPICIOUS_MOVE = YES;
				CLANG_WARN_UNGUARDED_AVAILABILITY = YES_AGGRESSIVE;
				CLANG_WARN_UNREACHABLE_CODE = YES;
				CLANG_WARN__DUPLICATE_METHOD_MATCH = YES;
				COPY_PHASE_STRIP = NO;
				DEBUG_INFORMATION_FORMAT = "dwarf-with-dsym";
				ENABLE_NS_ASSERTIONS = NO;
				ENABLE_STRICT_OBJC_MSGSEND = YES;
				GCC_C_LANGUAGE_STANDARD = gnu11;
				GCC_NO_COMMON_BLOCKS = YES;
				GCC_WARN_64_TO_32_BIT_CONVERSION = YES;
				GCC_WARN_ABOUT_RETURN_TYPE = YES_ERROR;
				GCC_WARN_UNDECLARED_SELECTOR = YES;
				GCC_WARN_UNINITIALIZED_AUTOS = YES_AGGRESSIVE;
				GCC_WARN_UNUSED_FUNCTION = YES;
				GCC_WARN_UNUSED_VARIABLE = YES;
				IPHONEOS_DEPLOYMENT_TARGET = 15.0;
				MTL_ENABLE_DEBUG_INFO = NO;
				MTL_FAST_MATH = YES;
				SDKROOT = iphoneos;
				SWIFT_COMPILATION_MODE = wholemodule;
				SWIFT_OPTIMIZATION_LEVEL = "-O";
				VALIDATE_PRODUCT = YES;
			};
			name = Release;
		};
		0DFD4D29275F944200088631 /* Debug */ = {
			isa = XCBuildConfiguration;
			buildSettings = {
				ALWAYS_EMBED_SWIFT_STANDARD_LIBRARIES = YES;
				ASSETCATALOG_COMPILER_APPICON_NAME = AppIcon;
				ASSETCATALOG_COMPILER_GLOBAL_ACCENT_COLOR_NAME = AccentColor;
				CODE_SIGN_ENTITLEMENTS = Stuff/Stuff.entitlements;
				CODE_SIGN_IDENTITY = "Apple Development";
				"CODE_SIGN_IDENTITY[sdk=macosx*]" = "Apple Development";
				CODE_SIGN_STYLE = Automatic;
				CURRENT_PROJECT_VERSION = 14;
				DEVELOPMENT_ASSET_PATHS = "\"Stuff/Preview Content\"";
				DEVELOPMENT_TEAM = 4E63BYV878;
				ENABLE_PREVIEWS = YES;
				GENERATE_INFOPLIST_FILE = YES;
				INFOPLIST_FILE = Stuff/Info.plist;
				INFOPLIST_KEY_LSApplicationCategoryType = "public.app-category.reference";
				INFOPLIST_KEY_NSCameraUsageDescription = "Take pictures of your things";
				INFOPLIST_KEY_NSFaceIDUsageDescription = "App uses Face ID to authenticate the user.";
				INFOPLIST_KEY_UIApplicationSupportsIndirectInputEvents = YES;
				INFOPLIST_KEY_UILaunchScreen_Generation = YES;
				INFOPLIST_KEY_UIRequiresFullScreen = NO;
				INFOPLIST_KEY_UISupportedInterfaceOrientations = "";
				INFOPLIST_KEY_UISupportedInterfaceOrientations_iPad = "UIInterfaceOrientationPortrait UIInterfaceOrientationPortraitUpsideDown UIInterfaceOrientationLandscapeLeft UIInterfaceOrientationLandscapeRight";
				INFOPLIST_KEY_UISupportedInterfaceOrientations_iPhone = "UIInterfaceOrientationPortrait UIInterfaceOrientationLandscapeLeft UIInterfaceOrientationLandscapeRight";
				LD_RUNPATH_SEARCH_PATHS = (
					"$(inherited)",
					"@executable_path/Frameworks",
				);
				MARKETING_VERSION = 1.0;
				OTHER_SWIFT_FLAGS = "-Xfrontend -warn-concurrency -Xfrontend -enable-actor-data-race-checks";
				PRODUCT_BUNDLE_IDENTIFIER = com.tazetdinov.opensource.Stuff;
				PRODUCT_NAME = "$(TARGET_NAME)";
				PROVISIONING_PROFILE_SPECIFIER = "";
				"PROVISIONING_PROFILE_SPECIFIER[sdk=macosx*]" = "";
				SUPPORTS_MACCATALYST = YES;
				SUPPORTS_MAC_DESIGNED_FOR_IPHONE_IPAD = NO;
				SWIFT_EMIT_LOC_STRINGS = YES;
				SWIFT_VERSION = 5.0;
				TARGETED_DEVICE_FAMILY = "1,2,6";
			};
			name = Debug;
		};
		0DFD4D2A275F944200088631 /* Release */ = {
			isa = XCBuildConfiguration;
			buildSettings = {
				ALWAYS_EMBED_SWIFT_STANDARD_LIBRARIES = YES;
				ASSETCATALOG_COMPILER_APPICON_NAME = AppIcon;
				ASSETCATALOG_COMPILER_GLOBAL_ACCENT_COLOR_NAME = AccentColor;
				CODE_SIGN_ENTITLEMENTS = Stuff/Stuff.entitlements;
				CODE_SIGN_IDENTITY = "Apple Development";
				"CODE_SIGN_IDENTITY[sdk=macosx*]" = "Apple Development";
				CODE_SIGN_STYLE = Automatic;
				CURRENT_PROJECT_VERSION = 14;
				DEVELOPMENT_ASSET_PATHS = "\"Stuff/Preview Content\"";
				DEVELOPMENT_TEAM = 4E63BYV878;
				ENABLE_PREVIEWS = YES;
				GENERATE_INFOPLIST_FILE = YES;
				INFOPLIST_FILE = Stuff/Info.plist;
				INFOPLIST_KEY_LSApplicationCategoryType = "public.app-category.reference";
				INFOPLIST_KEY_NSCameraUsageDescription = "Take pictures of your things";
				INFOPLIST_KEY_NSFaceIDUsageDescription = "App uses Face ID to authenticate the user.";
				INFOPLIST_KEY_UIApplicationSupportsIndirectInputEvents = YES;
				INFOPLIST_KEY_UILaunchScreen_Generation = YES;
				INFOPLIST_KEY_UIRequiresFullScreen = NO;
				INFOPLIST_KEY_UISupportedInterfaceOrientations = "";
				INFOPLIST_KEY_UISupportedInterfaceOrientations_iPad = "UIInterfaceOrientationPortrait UIInterfaceOrientationPortraitUpsideDown UIInterfaceOrientationLandscapeLeft UIInterfaceOrientationLandscapeRight";
				INFOPLIST_KEY_UISupportedInterfaceOrientations_iPhone = "UIInterfaceOrientationPortrait UIInterfaceOrientationLandscapeLeft UIInterfaceOrientationLandscapeRight";
				LD_RUNPATH_SEARCH_PATHS = (
					"$(inherited)",
					"@executable_path/Frameworks",
				);
				MARKETING_VERSION = 1.0;
				OTHER_SWIFT_FLAGS = "-Xfrontend -warn-concurrency -Xfrontend -enable-actor-data-race-checks";
				PRODUCT_BUNDLE_IDENTIFIER = com.tazetdinov.opensource.Stuff;
				PRODUCT_NAME = "$(TARGET_NAME)";
				PROVISIONING_PROFILE_SPECIFIER = "";
				"PROVISIONING_PROFILE_SPECIFIER[sdk=macosx*]" = "";
				SUPPORTS_MACCATALYST = YES;
				SUPPORTS_MAC_DESIGNED_FOR_IPHONE_IPAD = NO;
				SWIFT_EMIT_LOC_STRINGS = YES;
				SWIFT_VERSION = 5.0;
				TARGETED_DEVICE_FAMILY = "1,2,6";
			};
			name = Release;
		};
		8669BF8827B91A9400D09911 /* Debug */ = {
			isa = XCBuildConfiguration;
			buildSettings = {
				ASSETCATALOG_COMPILER_GLOBAL_ACCENT_COLOR_NAME = AccentColor;
				ASSETCATALOG_COMPILER_WIDGET_BACKGROUND_COLOR_NAME = WidgetBackground;
				CODE_SIGN_ENTITLEMENTS = StuffWidgets/StuffWidgetsExtension.entitlements;
				CODE_SIGN_IDENTITY = "Apple Development";
				"CODE_SIGN_IDENTITY[sdk=macosx*]" = "Apple Development";
				CODE_SIGN_STYLE = Automatic;
				CURRENT_PROJECT_VERSION = 14;
				DEVELOPMENT_TEAM = 4E63BYV878;
				GENERATE_INFOPLIST_FILE = YES;
				INFOPLIST_FILE = StuffWidgets/Info.plist;
				INFOPLIST_KEY_CFBundleDisplayName = Stuff;
				INFOPLIST_KEY_LSApplicationCategoryType = "";
				INFOPLIST_KEY_NSHumanReadableCopyright = "";
				IPHONEOS_DEPLOYMENT_TARGET = 15.0;
				LD_RUNPATH_SEARCH_PATHS = (
					"$(inherited)",
					"@executable_path/Frameworks",
					"@executable_path/../../Frameworks",
				);
				MARKETING_VERSION = 1.0;
				PRODUCT_BUNDLE_IDENTIFIER = com.tazetdinov.opensource.Stuff.StuffWidgets;
				PRODUCT_NAME = "$(TARGET_NAME)";
				PROVISIONING_PROFILE_SPECIFIER = "";
				"PROVISIONING_PROFILE_SPECIFIER[sdk=macosx*]" = "";
				SKIP_INSTALL = YES;
				SUPPORTS_MACCATALYST = YES;
				SUPPORTS_MAC_DESIGNED_FOR_IPHONE_IPAD = NO;
				SWIFT_EMIT_LOC_STRINGS = YES;
				SWIFT_VERSION = 5.0;
				TARGETED_DEVICE_FAMILY = "1,2,6";
			};
			name = Debug;
		};
		8669BF8927B91A9400D09911 /* Release */ = {
			isa = XCBuildConfiguration;
			buildSettings = {
				ASSETCATALOG_COMPILER_GLOBAL_ACCENT_COLOR_NAME = AccentColor;
				ASSETCATALOG_COMPILER_WIDGET_BACKGROUND_COLOR_NAME = WidgetBackground;
				CODE_SIGN_ENTITLEMENTS = StuffWidgets/StuffWidgetsExtension.entitlements;
				CODE_SIGN_IDENTITY = "Apple Development";
				"CODE_SIGN_IDENTITY[sdk=macosx*]" = "Apple Development";
				CODE_SIGN_STYLE = Automatic;
				CURRENT_PROJECT_VERSION = 14;
				DEVELOPMENT_TEAM = 4E63BYV878;
				GENERATE_INFOPLIST_FILE = YES;
				INFOPLIST_FILE = StuffWidgets/Info.plist;
				INFOPLIST_KEY_CFBundleDisplayName = Stuff;
				INFOPLIST_KEY_LSApplicationCategoryType = "";
				INFOPLIST_KEY_NSHumanReadableCopyright = "";
				IPHONEOS_DEPLOYMENT_TARGET = 15.0;
				LD_RUNPATH_SEARCH_PATHS = (
					"$(inherited)",
					"@executable_path/Frameworks",
					"@executable_path/../../Frameworks",
				);
				MARKETING_VERSION = 1.0;
				PRODUCT_BUNDLE_IDENTIFIER = com.tazetdinov.opensource.Stuff.StuffWidgets;
				PRODUCT_NAME = "$(TARGET_NAME)";
				PROVISIONING_PROFILE_SPECIFIER = "";
				"PROVISIONING_PROFILE_SPECIFIER[sdk=macosx*]" = "";
				SKIP_INSTALL = YES;
				SUPPORTS_MACCATALYST = YES;
				SUPPORTS_MAC_DESIGNED_FOR_IPHONE_IPAD = NO;
				SWIFT_EMIT_LOC_STRINGS = YES;
				SWIFT_VERSION = 5.0;
				TARGETED_DEVICE_FAMILY = "1,2,6";
			};
			name = Release;
		};
/* End XCBuildConfiguration section */

/* Begin XCConfigurationList section */
		0D847FFF27BCF40A00C4674E /* Build configuration list for PBXNativeTarget "WatchStuffExtension" */ = {
			isa = XCConfigurationList;
			buildConfigurations = (
				0D84800027BCF40A00C4674E /* Debug */,
				0D84800127BCF40A00C4674E /* Release */,
			);
			defaultConfigurationIsVisible = 0;
			defaultConfigurationName = Release;
		};
		0D84800327BCF40A00C4674E /* Build configuration list for PBXNativeTarget "WatchStuff" */ = {
			isa = XCConfigurationList;
			buildConfigurations = (
				0D84800427BCF40A00C4674E /* Debug */,
				0D84800527BCF40A00C4674E /* Release */,
			);
			defaultConfigurationIsVisible = 0;
			defaultConfigurationName = Release;
		};
		0DE9886C27BBD7C800EB2EA4 /* Build configuration list for PBXNativeTarget "StuffIntentHandlers" */ = {
			isa = XCConfigurationList;
			buildConfigurations = (
				0DE9886D27BBD7C800EB2EA4 /* Debug */,
				0DE9886E27BBD7C800EB2EA4 /* Release */,
			);
			defaultConfigurationIsVisible = 0;
			defaultConfigurationName = Release;
		};
		0DFD4D10275F943F00088631 /* Build configuration list for PBXProject "Stuff" */ = {
			isa = XCConfigurationList;
			buildConfigurations = (
				0DFD4D26275F944200088631 /* Debug */,
				0DFD4D27275F944200088631 /* Release */,
			);
			defaultConfigurationIsVisible = 0;
			defaultConfigurationName = Release;
		};
		0DFD4D28275F944200088631 /* Build configuration list for PBXNativeTarget "Stuff" */ = {
			isa = XCConfigurationList;
			buildConfigurations = (
				0DFD4D29275F944200088631 /* Debug */,
				0DFD4D2A275F944200088631 /* Release */,
			);
			defaultConfigurationIsVisible = 0;
			defaultConfigurationName = Release;
		};
		8669BF8A27B91A9400D09911 /* Build configuration list for PBXNativeTarget "StuffWidgetsExtension" */ = {
			isa = XCConfigurationList;
			buildConfigurations = (
				8669BF8827B91A9400D09911 /* Debug */,
				8669BF8927B91A9400D09911 /* Release */,
			);
			defaultConfigurationIsVisible = 0;
			defaultConfigurationName = Release;
		};
/* End XCConfigurationList section */

/* Begin XCSwiftPackageProductDependency section */
		0D84800827BCF45B00C4674E /* DataModel */ = {
			isa = XCSwiftPackageProductDependency;
			productName = DataModel;
		};
		0D84800A27BCF45B00C4674E /* Localization */ = {
			isa = XCSwiftPackageProductDependency;
			productName = Localization;
		};
		0DB6D1A92760E3E40068F985 /* DataModel */ = {
			isa = XCSwiftPackageProductDependency;
			productName = DataModel;
		};
		0DCC175F2760E34500E0322F /* ImageRecognizer */ = {
			isa = XCSwiftPackageProductDependency;
			productName = ImageRecognizer;
		};
		0DE9887027BBD80C00EB2EA4 /* DataModel */ = {
			isa = XCSwiftPackageProductDependency;
			productName = DataModel;
		};
		0DE9887227BBD80C00EB2EA4 /* Localization */ = {
			isa = XCSwiftPackageProductDependency;
			productName = Localization;
		};
		0DE9887427BBD80C00EB2EA4 /* Logger */ = {
			isa = XCSwiftPackageProductDependency;
			productName = Logger;
		};
		0DFD4D35275FAEA600088631 /* Views */ = {
			isa = XCSwiftPackageProductDependency;
			productName = Views;
		};
		8669BF8B27B91AB900D09911 /* DataModel */ = {
			isa = XCSwiftPackageProductDependency;
			productName = DataModel;
		};
		8669BF8D27B91AB900D09911 /* Localization */ = {
			isa = XCSwiftPackageProductDependency;
			productName = Localization;
		};
		8669BF8F27B91AB900D09911 /* Logger */ = {
			isa = XCSwiftPackageProductDependency;
			productName = Logger;
		};
/* End XCSwiftPackageProductDependency section */
	};
	rootObject = 0DFD4D0D275F943F00088631 /* Project object */;
}
